Microsoft Visual Studio Solution File, Format Version 11.00
# Visual Studio 2010
Project("{8BC9CEB8-8B4A-11D0-8D11-00A0C91BC942}") = "ALL_BUILD", "ALL_BUILD.vcxproj", "{6B850877-2DCF-3071-B3C0-283A65BC37BB}"
	ProjectSection(ProjectDependencies) = postProject
		{8FC923A5-7327-3947-81C3-F67650626901} = {8FC923A5-7327-3947-81C3-F67650626901}
		{671EDAD3-B14C-37E2-86B5-DF9B853AD8E7} = {671EDAD3-B14C-37E2-86B5-DF9B853AD8E7}
		{A6C97841-83C8-3BF2-9337-18781ABBD502} = {A6C97841-83C8-3BF2-9337-18781ABBD502}
		{3D3700DB-1C3F-386F-AA09-BD0D1788EECB} = {3D3700DB-1C3F-386F-AA09-BD0D1788EECB}
		{A1F7A342-9D24-358C-A26A-37E3E24B2AA6} = {A1F7A342-9D24-358C-A26A-37E3E24B2AA6}
	EndProjectSection
EndProject
Project("{8BC9CEB8-8B4A-11D0-8D11-00A0C91BC942}") = "INSTALL", "INSTALL.vcxproj", "{859466FC-22E2-38A6-A4C0-1D8B492B92AE}"
	ProjectSection(ProjectDependencies) = postProject
		{6B850877-2DCF-3071-B3C0-283A65BC37BB} = {6B850877-2DCF-3071-B3C0-283A65BC37BB}
		{8FC923A5-7327-3947-81C3-F67650626901} = {8FC923A5-7327-3947-81C3-F67650626901}
	EndProjectSection
EndProject
Project("{8BC9CEB8-8B4A-11D0-8D11-00A0C91BC942}") = "RUN_TESTS", "RUN_TESTS.vcxproj", "{CDF67827-F6FC-377D-BF07-65D672C80A15}"
	ProjectSection(ProjectDependencies) = postProject
		{8FC923A5-7327-3947-81C3-F67650626901} = {8FC923A5-7327-3947-81C3-F67650626901}
	EndProjectSection
EndProject
Project("{8BC9CEB8-8B4A-11D0-8D11-00A0C91BC942}") = "ZERO_CHECK", "ZERO_CHECK.vcxproj", "{8FC923A5-7327-3947-81C3-F67650626901}"
	ProjectSection(ProjectDependencies) = postProject
	EndProjectSection
EndProject
Project("{8BC9CEB8-8B4A-11D0-8D11-00A0C91BC942}") = "example", "example.vcxproj", "{671EDAD3-B14C-37E2-86B5-DF9B853AD8E7}"
	ProjectSection(ProjectDependencies) = postProject
		{8FC923A5-7327-3947-81C3-F67650626901} = {8FC923A5-7327-3947-81C3-F67650626901}
		{3D3700DB-1C3F-386F-AA09-BD0D1788EECB} = {3D3700DB-1C3F-386F-AA09-BD0D1788EECB}
	EndProjectSection
EndProject
Project("{8BC9CEB8-8B4A-11D0-8D11-00A0C91BC942}") = "minigzip", "minigzip.vcxproj", "{A6C97841-83C8-3BF2-9337-18781ABBD502}"
	ProjectSection(ProjectDependencies) = postProject
		{8FC923A5-7327-3947-81C3-F67650626901} = {8FC923A5-7327-3947-81C3-F67650626901}
		{3D3700DB-1C3F-386F-AA09-BD0D1788EECB} = {3D3700DB-1C3F-386F-AA09-BD0D1788EECB}
	EndProjectSection
EndProject
Project("{8BC9CEB8-8B4A-11D0-8D11-00A0C91BC942}") = "zlib", "zlib.vcxproj", "{3D3700DB-1C3F-386F-AA09-BD0D1788EECB}"
	ProjectSection(ProjectDependencies) = postProject
		{8FC923A5-7327-3947-81C3-F67650626901} = {8FC923A5-7327-3947-81C3-F67650626901}
	EndProjectSection
EndProject
Project("{8BC9CEB8-8B4A-11D0-8D11-00A0C91BC942}") = "zlibstatic", "zlibstatic.vcxproj", "{A1F7A342-9D24-358C-A26A-37E3E24B2AA6}"
	ProjectSection(ProjectDependencies) = postProject
		{8FC923A5-7327-3947-81C3-F67650626901} = {8FC923A5-7327-3947-81C3-F67650626901}
	EndProjectSection
EndProject
Global
	GlobalSection(SolutionConfigurationPlatforms) = preSolution
		Debug|Win32 = Debug|Win32
		Release|Win32 = Release|Win32
		MinSizeRel|Win32 = MinSizeRel|Win32
		RelWithDebInfo|Win32 = RelWithDebInfo|Win32
	EndGlobalSection
	GlobalSection(ProjectConfigurationPlatforms) = postSolution
		{6B850877-2DCF-3071-B3C0-283A65BC37BB}.Debug|Win32.ActiveCfg = Debug|Win32
		{6B850877-2DCF-3071-B3C0-283A65BC37BB}.Debug|Win32.Build.0 = Debug|Win32
		{6B850877-2DCF-3071-B3C0-283A65BC37BB}.Release|Win32.ActiveCfg = Release|Win32
		{6B850877-2DCF-3071-B3C0-283A65BC37BB}.Release|Win32.Build.0 = Release|Win32
		{6B850877-2DCF-3071-B3C0-283A65BC37BB}.MinSizeRel|Win32.ActiveCfg = MinSizeRel|Win32
		{6B850877-2DCF-3071-B3C0-283A65BC37BB}.MinSizeRel|Win32.Build.0 = MinSizeRel|Win32
		{6B850877-2DCF-3071-B3C0-283A65BC37BB}.RelWithDebInfo|Win32.ActiveCfg = RelWithDebInfo|Win32
		{6B850877-2DCF-3071-B3C0-283A65BC37BB}.RelWithDebInfo|Win32.Build.0 = RelWithDebInfo|Win32
		{859466FC-22E2-38A6-A4C0-1D8B492B92AE}.Debug|Win32.ActiveCfg = Debug|Win32
		{859466FC-22E2-38A6-A4C0-1D8B492B92AE}.Release|Win32.ActiveCfg = Release|Win32
		{859466FC-22E2-38A6-A4C0-1D8B492B92AE}.MinSizeRel|Win32.ActiveCfg = MinSizeRel|Win32
		{859466FC-22E2-38A6-A4C0-1D8B492B92AE}.RelWithDebInfo|Win32.ActiveCfg = RelWithDebInfo|Win32
		{CDF67827-F6FC-377D-BF07-65D672C80A15}.Debug|Win32.ActiveCfg = Debug|Win32
		{CDF67827-F6FC-377D-BF07-65D672C80A15}.Release|Win32.ActiveCfg = Release|Win32
		{CDF67827-F6FC-377D-BF07-65D672C80A15}.MinSizeRel|Win32.ActiveCfg = MinSizeRel|Win32
		{CDF67827-F6FC-377D-BF07-65D672C80A15}.RelWithDebInfo|Win32.ActiveCfg = RelWithDebInfo|Win32
		{8FC923A5-7327-3947-81C3-F67650626901}.Debug|Win32.ActiveCfg = Debug|Win32
		{8FC923A5-7327-3947-81C3-F67650626901}.Debug|Win32.Build.0 = Debug|Win32
		{8FC923A5-7327-3947-81C3-F67650626901}.Release|Win32.ActiveCfg = Release|Win32
		{8FC923A5-7327-3947-81C3-F67650626901}.Release|Win32.Build.0 = Release|Win32
		{8FC923A5-7327-3947-81C3-F67650626901}.MinSizeRel|Win32.ActiveCfg = MinSizeRel|Win32
		{8FC923A5-7327-3947-81C3-F67650626901}.MinSizeRel|Win32.Build.0 = MinSizeRel|Win32
		{8FC923A5-7327-3947-81C3-F67650626901}.RelWithDebInfo|Win32.ActiveCfg = RelWithDebInfo|Win32
		{8FC923A5-7327-3947-81C3-F67650626901}.RelWithDebInfo|Win32.Build.0 = RelWithDebInfo|Win32
		{671EDAD3-B14C-37E2-86B5-DF9B853AD8E7}.Debug|Win32.ActiveCfg = Debug|Win32
		{671EDAD3-B14C-37E2-86B5-DF9B853AD8E7}.Debug|Win32.Build.0 = Debug|Win32
		{671EDAD3-B14C-37E2-86B5-DF9B853AD8E7}.Release|Win32.ActiveCfg = Release|Win32
		{671EDAD3-B14C-37E2-86B5-DF9B853AD8E7}.Release|Win32.Build.0 = Release|Win32
		{671EDAD3-B14C-37E2-86B5-DF9B853AD8E7}.MinSizeRel|Win32.ActiveCfg = MinSizeRel|Win32
		{671EDAD3-B14C-37E2-86B5-DF9B853AD8E7}.MinSizeRel|Win32.Build.0 = MinSizeRel|Win32
		{671EDAD3-B14C-37E2-86B5-DF9B853AD8E7}.RelWithDebInfo|Win32.ActiveCfg = RelWithDebInfo|Win32
		{671EDAD3-B14C-37E2-86B5-DF9B853AD8E7}.RelWithDebInfo|Win32.Build.0 = RelWithDebInfo|Win32
		{A6C97841-83C8-3BF2-9337-18781ABBD502}.Debug|Win32.ActiveCfg = Debug|Win32
		{A6C97841-83C8-3BF2-9337-18781ABBD502}.Debug|Win32.Build.0 = Debug|Win32
		{A6C97841-83C8-3BF2-9337-18781ABBD502}.Release|Win32.ActiveCfg = Release|Win32
		{A6C97841-83C8-3BF2-9337-18781ABBD502}.Release|Win32.Build.0 = Release|Win32
		{A6C97841-83C8-3BF2-9337-18781ABBD502}.MinSizeRel|Win32.ActiveCfg = MinSizeRel|Win32
		{A6C97841-83C8-3BF2-9337-18781ABBD502}.MinSizeRel|Win32.Build.0 = MinSizeRel|Win32
		{A6C97841-83C8-3BF2-9337-18781ABBD502}.RelWithDebInfo|Win32.ActiveCfg = RelWithDebInfo|Win32
		{A6C97841-83C8-3BF2-9337-18781ABBD502}.RelWithDebInfo|Win32.Build.0 = RelWithDebInfo|Win32
		{3D3700DB-1C3F-386F-AA09-BD0D1788EECB}.Debug|Win32.ActiveCfg = Debug|Win32
		{3D3700DB-1C3F-386F-AA09-BD0D1788EECB}.Debug|Win32.Build.0 = Debug|Win32
		{3D3700DB-1C3F-386F-AA09-BD0D1788EECB}.Release|Win32.ActiveCfg = Release|Win32
		{3D3700DB-1C3F-386F-AA09-BD0D1788EECB}.Release|Win32.Build.0 = Release|Win32
		{3D3700DB-1C3F-386F-AA09-BD0D1788EECB}.MinSizeRel|Win32.ActiveCfg = MinSizeRel|Win32
		{3D3700DB-1C3F-386F-AA09-BD0D1788EECB}.MinSizeRel|Win32.Build.0 = MinSizeRel|Win32
		{3D3700DB-1C3F-386F-AA09-BD0D1788EECB}.RelWithDebInfo|Win32.ActiveCfg = RelWithDebInfo|Win32
		{3D3700DB-1C3F-386F-AA09-BD0D1788EECB}.RelWithDebInfo|Win32.Build.0 = RelWithDebInfo|Win32
		{A1F7A342-9D24-358C-A26A-37E3E24B2AA6}.Debug|Win32.ActiveCfg = Debug|Win32
		{A1F7A342-9D24-358C-A26A-37E3E24B2AA6}.Debug|Win32.Build.0 = Debug|Win32
		{A1F7A342-9D24-358C-A26A-37E3E24B2AA6}.Release|Win32.ActiveCfg = Release|Win32
		{A1F7A342-9D24-358C-A26A-37E3E24B2AA6}.Release|Win32.Build.0 = Release|Win32
		{A1F7A342-9D24-358C-A26A-37E3E24B2AA6}.MinSizeRel|Win32.ActiveCfg = MinSizeRel|Win32
		{A1F7A342-9D24-358C-A26A-37E3E24B2AA6}.MinSizeRel|Win32.Build.0 = MinSizeRel|Win32
		{A1F7A342-9D24-358C-A26A-37E3E24B2AA6}.RelWithDebInfo|Win32.ActiveCfg = RelWithDebInfo|Win32
		{A1F7A342-9D24-358C-A26A-37E3E24B2AA6}.RelWithDebInfo|Win32.Build.0 = RelWithDebInfo|Win32
	EndGlobalSection
	GlobalSection(ExtensibilityGlobals) = postSolution
	EndGlobalSection
	GlobalSection(ExtensibilityAddIns) = postSolution
	EndGlobalSection
EndGlobal
