<?xml version="1.0" encoding="utf-8"?>
<Project ToolsVersion="4.0" xmlns="http://schemas.microsoft.com/developer/msbuild/2003">
  <ItemGroup>
    <ClCompile Include="..\..\src\JXJ\appData.cpp">
      <Filter>源文件</Filter>
    </ClCompile>
    <ClCompile Include="..\..\src\JXJ\appPackets.cpp">
      <Filter>源文件</Filter>
    </ClCompile>
    <ClCompile Include="..\..\src\JXJ\appScriptLoader.cpp">
      <Filter>源文件</Filter>
    </ClCompile>
    <ClCompile Include="..\..\src\JXJ\appLogic.cpp">
      <Filter>源文件</Filter>
    </ClCompile>
    <ClCompile Include="..\..\src\JXJ\appMethod.cpp">
      <Filter>源文件</Filter>
    </ClCompile>
    <ClCompile Include="..\..\src\JXJ\appBattleMethod.cpp">
      <Filter>源文件</Filter>
    </ClCompile>
    <ClCompile Include="..\..\src\JXJ\appData2.cpp">
      <Filter>源文件</Filter>
    </ClCompile>
    <ClCompile Include="..\..\src\JXJ\appMethod2.cpp">
      <Filter>源文件</Filter>
    </ClCompile>
    <ClCompile Include="..\..\src\JXJ\appBattleMethod2.cpp">
      <Filter>源文件</Filter>
    </ClCompile>
    <ClCompile Include="..\..\src\JXJ\appMethod3.cpp">
      <Filter>源文件</Filter>
    </ClCompile>
    <ClCompile Include="..\..\src\JXJ\appDBQuery.cpp">
      <Filter>源文件</Filter>
    </ClCompile>
    <ClCompile Include="..\..\src\JXJ\appData3.cpp">
      <Filter>源文件</Filter>
    </ClCompile>
    <ClCompile Include="..\..\src\JXJ\appMethod4.cpp">
      <Filter>源文件</Filter>
    </ClCompile>
    <ClCompile Include="..\..\src\JXJ\appGameData.cpp">
      <Filter>源文件</Filter>
    </ClCompile>
    <ClCompile Include="..\..\src\JXJ\appMethod5.cpp">
      <Filter>源文件</Filter>
    </ClCompile>
    <ClCompile Include="..\..\src\JXJ\appData5.cpp">
      <Filter>源文件</Filter>
    </ClCompile>
    <ClCompile Include="..\..\src\JXJ\appMethod6.cpp">
      <Filter>源文件</Filter>
    </ClCompile>
    <ClCompile Include="..\..\src\JXJ\appMethod7.cpp">
      <Filter>源文件</Filter>
    </ClCompile>
    <ClCompile Include="..\..\src\JXJ\appMethod8.cpp">
      <Filter>源文件</Filter>
    </ClCompile>
    <ClCompile Include="..\..\src\JXJ\appBattleMethod3.cpp">
      <Filter>源文件</Filter>
    </ClCompile>
    <ClCompile Include="..\..\src\JXJ\appMethod9.cpp">
      <Filter>源文件</Filter>
    </ClCompile>
    <ClCompile Include="..\..\src\JXJ\appMethod10.cpp">
      <Filter>源文件</Filter>
    </ClCompile>
    <ClCompile Include="..\..\src\JXJ\appMethod11.cpp">
      <Filter>源文件</Filter>
    </ClCompile>
    <ClCompile Include="..\..\src\JXJ\appData6.cpp">
      <Filter>源文件</Filter>
    </ClCompile>
    <ClCompile Include="..\..\src\JXJ\appMethod12.cpp">
      <Filter>源文件</Filter>
    </ClCompile>
    <ClCompile Include="..\..\src\JXJ\appNodeCallbacks.cpp">
      <Filter>源文件</Filter>
    </ClCompile>
    <ClCompile Include="..\..\src\JXJ\appBattleMethod4.cpp">
      <Filter>源文件</Filter>
    </ClCompile>
    <ClCompile Include="..\..\src\JXJ\appMethod13.cpp">
      <Filter>源文件</Filter>
    </ClCompile>
    <ClCompile Include="..\..\src\JXJ\appMethod14.cpp">
      <Filter>源文件</Filter>
    </ClCompile>
    <ClCompile Include="..\..\src\JXJ\appMethod15.cpp">
      <Filter>源文件</Filter>
    </ClCompile>
    <ClCompile Include="..\..\src\JXJ\appNetCallbacks.cpp">
      <Filter>源文件</Filter>
    </ClCompile>
    <ClCompile Include="..\..\src\JXJ\appMethod16.cpp">
      <Filter>源文件</Filter>
    </ClCompile>
    <ClCompile Include="..\..\src\JXJ\appMethod17.cpp">
      <Filter>源文件</Filter>
    </ClCompile>
    <ClCompile Include="..\..\src\JXJ\appMethod18.cpp">
      <Filter>源文件</Filter>
    </ClCompile>
  </ItemGroup>
  <ItemGroup>
    <ClInclude Include="..\..\include\JXJ\appData.h">
      <Filter>头文件</Filter>
    </ClInclude>
    <ClInclude Include="..\..\include\JXJ\appDataParam.h">
      <Filter>头文件</Filter>
    </ClInclude>
    <ClInclude Include="..\..\include\JXJ\appDefine.h">
      <Filter>头文件</Filter>
    </ClInclude>
    <ClInclude Include="..\..\include\JXJ\appMethod.h">
      <Filter>头文件</Filter>
    </ClInclude>
    <ClInclude Include="..\..\include\JXJ\appPackets.h">
      <Filter>头文件</Filter>
    </ClInclude>
    <ClInclude Include="..\..\include\JXJ\appMsg.h">
      <Filter>头文件</Filter>
    </ClInclude>
    <ClInclude Include="..\..\include\JXJ\appLogic.h">
      <Filter>头文件</Filter>
    </ClInclude>
    <ClInclude Include="..\..\include\JXJ\appBattleMethod.h">
      <Filter>头文件</Filter>
    </ClInclude>
    <ClInclude Include="..\..\include\JXJ\appMethod2.h">
      <Filter>头文件</Filter>
    </ClInclude>
    <ClInclude Include="..\..\include\JXJ\appData2.h">
      <Filter>头文件</Filter>
    </ClInclude>
    <ClInclude Include="..\..\include\JXJ\appMethod3.h">
      <Filter>头文件</Filter>
    </ClInclude>
    <ClInclude Include="..\..\include\JXJ\appDBQuery.h">
      <Filter>头文件</Filter>
    </ClInclude>
    <ClInclude Include="..\..\include\JXJ\appData3.h">
      <Filter>头文件</Filter>
    </ClInclude>
    <ClInclude Include="..\..\include\JXJ\appMethod4.h">
      <Filter>头文件</Filter>
    </ClInclude>
    <ClInclude Include="..\..\include\JXJ\appDump.h">
      <Filter>头文件</Filter>
    </ClInclude>
    <ClInclude Include="..\..\include\JXJ\appGameData.h">
      <Filter>头文件</Filter>
    </ClInclude>
    <ClInclude Include="..\..\include\JXJ\appMethod5.h">
      <Filter>头文件</Filter>
    </ClInclude>
    <ClInclude Include="..\..\include\JXJ\appData5.h">
      <Filter>头文件</Filter>
    </ClInclude>
    <ClInclude Include="..\..\include\JXJ\appMethod6.h">
      <Filter>头文件</Filter>
    </ClInclude>
    <ClInclude Include="..\..\include\JXJ\appMethod7.h">
      <Filter>头文件</Filter>
    </ClInclude>
    <ClInclude Include="..\..\include\JXJ\appMethod8.h">
      <Filter>头文件</Filter>
    </ClInclude>
    <ClInclude Include="..\..\include\JXJ\appBattleMethod3.h">
      <Filter>头文件</Filter>
    </ClInclude>
    <ClInclude Include="..\..\include\JXJ\appMethod9.h">
      <Filter>头文件</Filter>
    </ClInclude>
    <ClInclude Include="..\..\include\JXJ\appMethod10.h">
      <Filter>头文件</Filter>
    </ClInclude>
    <ClInclude Include="..\..\include\JXJ\appMethod11.h">
      <Filter>头文件</Filter>
    </ClInclude>
    <ClInclude Include="..\..\include\JXJ\appData6.h">
      <Filter>头文件</Filter>
    </ClInclude>
    <ClInclude Include="..\..\include\JXJ\appMethod12.h">
      <Filter>头文件</Filter>
    </ClInclude>
    <ClInclude Include="..\..\include\JXJ\appNodeCallbacks.h">
      <Filter>头文件</Filter>
    </ClInclude>
    <ClInclude Include="..\..\include\JXJ\appBattleMethod4.h">
      <Filter>头文件</Filter>
    </ClInclude>
    <ClInclude Include="..\..\include\JXJ\appMethod13.h">
      <Filter>头文件</Filter>
    </ClInclude>
    <ClInclude Include="..\..\include\JXJ\appBattleMethod2.h">
      <Filter>头文件</Filter>
    </ClInclude>
    <ClInclude Include="..\..\include\JXJ\appMethod14.h">
      <Filter>头文件</Filter>
    </ClInclude>
    <ClInclude Include="..\..\include\JXJ\appMethod15.h">
      <Filter>头文件</Filter>
    </ClInclude>
    <ClInclude Include="..\..\include\JXJ\appNetCallbacks.h">
      <Filter>头文件</Filter>
    </ClInclude>
    <ClInclude Include="..\..\include\JXJ\appMethod16.h">
      <Filter>头文件</Filter>
    </ClInclude>
    <ClInclude Include="..\..\include\JXJ\appMethod17.h">
      <Filter>头文件</Filter>
    </ClInclude>
    <ClInclude Include="..\..\include\JXJ\appMethod18.h">
      <Filter>头文件</Filter>
    </ClInclude>
  </ItemGroup>
  <ItemGroup>
    <Filter Include="头文件">
      <UniqueIdentifier>{14e39b72-7858-4748-b6c0-bc1bd258e404}</UniqueIdentifier>
    </Filter>
    <Filter Include="源文件">
      <UniqueIdentifier>{5abac912-5552-406e-9592-33d314edd4c8}</UniqueIdentifier>
    </Filter>
  </ItemGroup>
</Project>