<?xml version="1.0" encoding="utf-8"?>
<Project ToolsVersion="4.0" xmlns="http://schemas.microsoft.com/developer/msbuild/2003">
  <ItemGroup>
    <Filter Include="源文件">
      <UniqueIdentifier>{4FC737F1-C7A5-4376-A066-2A32D752A2FF}</UniqueIdentifier>
      <Extensions>cpp;c;cxx;def;odl;idl;hpj;bat;asm;asmx</Extensions>
    </Filter>
    <Filter Include="头文件">
      <UniqueIdentifier>{93995380-89BD-4b04-88EB-625FBE52EBFB}</UniqueIdentifier>
      <Extensions>h;hpp;hxx;hm;inl;inc;xsd</Extensions>
    </Filter>
    <Filter Include="资源文件">
      <UniqueIdentifier>{67DA6AB6-F800-4c08-8B7A-83BB121AAD01}</UniqueIdentifier>
      <Extensions>rc;ico;cur;bmp;dlg;rc2;rct;bin;rgs;gif;jpg;jpeg;jpe;resx</Extensions>
    </Filter>
  </ItemGroup>
  <ItemGroup>
    <ClCompile Include="..\..\src\crphysics\crAircraftMatterObject.cpp">
      <Filter>源文件</Filter>
    </ClCompile>
    <ClCompile Include="..\..\src\crphysics\crBodyCaseMatterObject.cpp">
      <Filter>源文件</Filter>
    </ClCompile>
    <ClCompile Include="..\..\src\crphysics\crCamera.cpp">
      <Filter>源文件</Filter>
    </ClCompile>
    <ClCompile Include="..\..\src\crphysics\crCarMatterObject.cpp">
      <Filter>源文件</Filter>
    </ClCompile>
    <ClCompile Include="..\..\src\crphysics\crCharacterMatterObject.cpp">
      <Filter>源文件</Filter>
    </ClCompile>
    <ClCompile Include="..\..\src\crphysics\crGameBodyInfo.cpp">
      <Filter>源文件</Filter>
    </ClCompile>
    <ClCompile Include="..\..\src\crphysics\crGeneralParamTransferPPC.cpp">
      <Filter>源文件</Filter>
    </ClCompile>
    <ClCompile Include="..\..\src\crphysics\crJoint.cpp">
      <Filter>源文件</Filter>
    </ClCompile>
    <ClCompile Include="..\..\src\crphysics\crJointSetParamPPC.cpp">
      <Filter>源文件</Filter>
    </ClCompile>
    <ClCompile Include="..\..\src\crphysics\crMatterGroup.cpp">
      <Filter>源文件</Filter>
    </ClCompile>
    <ClCompile Include="..\..\src\crphysics\crMatterObject.cpp">
      <Filter>源文件</Filter>
    </ClCompile>
    <ClCompile Include="..\..\src\crphysics\crOdeWorld.cpp">
      <Filter>源文件</Filter>
    </ClCompile>
    <ClCompile Include="..\..\src\crphysics\crPhysicsInitVisitor.cpp">
      <Filter>源文件</Filter>
    </ClCompile>
    <ClCompile Include="..\..\src\crphysics\crPhysicsResetPPC.cpp">
      <Filter>源文件</Filter>
    </ClCompile>
    <ClCompile Include="..\..\src\crphysics\crPhysicsUpdateVisitor.cpp">
      <Filter>源文件</Filter>
    </ClCompile>
    <ClCompile Include="..\..\src\crphysics\crRadarMatterObject.cpp">
      <Filter>源文件</Filter>
    </ClCompile>
    <ClCompile Include="..\..\src\crphysics\crSetForceAndTorquePPC.cpp">
      <Filter>源文件</Filter>
    </ClCompile>
    <ClCompile Include="..\..\src\crphysics\crSetGeomorBodyInfoPPC.cpp">
      <Filter>源文件</Filter>
    </ClCompile>
    <ClCompile Include="..\..\src\crphysics\crSetGravityModePPC.cpp">
      <Filter>源文件</Filter>
    </ClCompile>
    <ClCompile Include="..\..\src\crphysics\crViewMatterObject.cpp">
      <Filter>源文件</Filter>
    </ClCompile>
    <ClCompile Include="..\..\src\crphysics\crVisionSenseInfor.cpp">
      <Filter>源文件</Filter>
    </ClCompile>
    <ClCompile Include="..\..\src\crphysics\crVolumeNode.cpp">
      <Filter>源文件</Filter>
    </ClCompile>
    <ClCompile Include="..\..\src\crphysics\crWeaponEventPPC.cpp">
      <Filter>源文件</Filter>
    </ClCompile>
    <ClCompile Include="..\..\src\crphysics\crWeaponManager.cpp">
      <Filter>源文件</Filter>
    </ClCompile>
    <ClCompile Include="..\..\src\crphysics\crWeaponNode.cpp">
      <Filter>源文件</Filter>
    </ClCompile>
  </ItemGroup>
  <ItemGroup>
    <ClInclude Include="..\..\include\crphysics\crAircraftMatterObject.h">
      <Filter>头文件</Filter>
    </ClInclude>
    <ClInclude Include="..\..\include\crphysics\crBodyCaseMatterObject.h">
      <Filter>头文件</Filter>
    </ClInclude>
    <ClInclude Include="..\..\include\crphysics\crCamera.h">
      <Filter>头文件</Filter>
    </ClInclude>
    <ClInclude Include="..\..\include\crphysics\crCarMatterObject.h">
      <Filter>头文件</Filter>
    </ClInclude>
    <ClInclude Include="..\..\include\crphysics\crCharacterMatterObject.h">
      <Filter>头文件</Filter>
    </ClInclude>
    <ClInclude Include="..\..\include\crphysics\crExport.h">
      <Filter>头文件</Filter>
    </ClInclude>
    <ClInclude Include="..\..\include\crphysics\crGameBodyInfo.h">
      <Filter>头文件</Filter>
    </ClInclude>
    <ClInclude Include="..\..\include\crphysics\crGeneralParamTransferPPC.h">
      <Filter>头文件</Filter>
    </ClInclude>
    <ClInclude Include="..\..\include\crphysics\crJoint.h">
      <Filter>头文件</Filter>
    </ClInclude>
    <ClInclude Include="..\..\include\crphysics\crJointSetParamPPC.h">
      <Filter>头文件</Filter>
    </ClInclude>
    <ClInclude Include="..\..\include\crphysics\crMatterGroup.h">
      <Filter>头文件</Filter>
    </ClInclude>
    <ClInclude Include="..\..\include\crphysics\crMatterObject.h">
      <Filter>头文件</Filter>
    </ClInclude>
    <ClInclude Include="..\..\include\crphysics\crOdeWorld.h">
      <Filter>头文件</Filter>
    </ClInclude>
    <ClInclude Include="..\..\include\crphysics\crPhysicsInitVisitor.h">
      <Filter>头文件</Filter>
    </ClInclude>
    <ClInclude Include="..\..\include\crphysics\crPhysicsResetPPC.h">
      <Filter>头文件</Filter>
    </ClInclude>
    <ClInclude Include="..\..\include\crphysics\crPhysicsUpdateVisitor.h">
      <Filter>头文件</Filter>
    </ClInclude>
    <ClInclude Include="..\..\include\crphysics\crRadarMatterObject.h">
      <Filter>头文件</Filter>
    </ClInclude>
    <ClInclude Include="..\..\include\crphysics\crSetForceAndTorquePPC.h">
      <Filter>头文件</Filter>
    </ClInclude>
    <ClInclude Include="..\..\include\crphysics\crSetGeomorBodyInfoPPC.h">
      <Filter>头文件</Filter>
    </ClInclude>
    <ClInclude Include="..\..\include\crphysics\crSetGravityModePPC.h">
      <Filter>头文件</Filter>
    </ClInclude>
    <ClInclude Include="..\..\include\crphysics\crViewMatterObject.h">
      <Filter>头文件</Filter>
    </ClInclude>
    <ClInclude Include="..\..\include\crphysics\crVisionSenseInfor.h">
      <Filter>头文件</Filter>
    </ClInclude>
    <ClInclude Include="..\..\include\crphysics\crVolumeNode.h">
      <Filter>头文件</Filter>
    </ClInclude>
    <ClInclude Include="..\..\include\crphysics\crWeaponEventPPC.h">
      <Filter>头文件</Filter>
    </ClInclude>
    <ClInclude Include="..\..\include\crphysics\crWeaponManager.h">
      <Filter>头文件</Filter>
    </ClInclude>
    <ClInclude Include="..\..\include\crphysics\crWeaponNode.h">
      <Filter>头文件</Filter>
    </ClInclude>
  </ItemGroup>
</Project>