Microsoft Visual Studio Solution File, Format Version 12.00
# Visual Studio 2012
Project("{8BC9CEB8-8B4A-11D0-8D11-00A0C91BC942}") = "JXJ", "JXJ\JXJ.vcxproj", "{C2A9441D-5C64-4787-B6AA-6A6FA864F2F2}"
EndProject
Project("{8BC9CEB8-8B4A-11D0-8D11-00A0C91BC942}") = "CRUI", "CRUI\CRUI.vcxproj", "{A6562CA3-AE51-4BC5-9E0A-E6BAB3D5072C}"
EndProject
Project("{8BC9CEB8-8B4A-11D0-8D11-00A0C91BC942}") = "CRNetApp", "CRNetApp\CRNetApp.vcxproj", "{64F125A6-E15D-4F1E-85F4-60783EC01423}"
EndProject
Project("{8BC9CEB8-8B4A-11D0-8D11-00A0C91BC942}") = "CRDownload", "CRDownload\CRDownload.vcxproj", "{C39D8A30-8FDF-473B-8008-0B3E0A99AF33}"
EndProject
Project("{8BC9CEB8-8B4A-11D0-8D11-00A0C91BC942}") = "pkgProcessor", "pkgProcessor\pkgProcessor\pkgProcessor.vcxproj", "{45673E34-FE97-4553-B7AF-F0E465CA554B}"
EndProject
Project("{8BC9CEB8-8B4A-11D0-8D11-00A0C91BC942}") = "JXJTools", "JXJTools\JXJTools.vcxproj", "{A5E76D3B-B9EC-472F-993E-EC01F20D0692}"
EndProject
Global
	GlobalSection(SolutionConfigurationPlatforms) = preSolution
		Debug|Win32 = Debug|Win32
		RDebug|Win32 = RDebug|Win32
		Release_ALL|Win32 = Release_ALL|Win32
		Release_ALLX|Win32 = Release_ALLX|Win32
		Release_D|Win32 = Release_D|Win32
		Release_DX|Win32 = Release_DX|Win32
		Release_Static|Win32 = Release_Static|Win32
		Release_StaticD|Win32 = Release_StaticD|Win32
		Release|Win32 = Release|Win32
		SSDDebug|Win32 = SSDDebug|Win32
		SSDRelease|Win32 = SSDRelease|Win32
	EndGlobalSection
	GlobalSection(ProjectConfigurationPlatforms) = postSolution
		{C2A9441D-5C64-4787-B6AA-6A6FA864F2F2}.Debug|Win32.ActiveCfg = Debug|Win32
		{C2A9441D-5C64-4787-B6AA-6A6FA864F2F2}.Debug|Win32.Build.0 = Debug|Win32
		{C2A9441D-5C64-4787-B6AA-6A6FA864F2F2}.RDebug|Win32.ActiveCfg = Debug|Win32
		{C2A9441D-5C64-4787-B6AA-6A6FA864F2F2}.RDebug|Win32.Build.0 = Debug|Win32
		{C2A9441D-5C64-4787-B6AA-6A6FA864F2F2}.Release_ALL|Win32.ActiveCfg = Release|Win32
		{C2A9441D-5C64-4787-B6AA-6A6FA864F2F2}.Release_ALL|Win32.Build.0 = Release|Win32
		{C2A9441D-5C64-4787-B6AA-6A6FA864F2F2}.Release_ALLX|Win32.ActiveCfg = Release|Win32
		{C2A9441D-5C64-4787-B6AA-6A6FA864F2F2}.Release_ALLX|Win32.Build.0 = Release|Win32
		{C2A9441D-5C64-4787-B6AA-6A6FA864F2F2}.Release_D|Win32.ActiveCfg = Debug|Win32
		{C2A9441D-5C64-4787-B6AA-6A6FA864F2F2}.Release_D|Win32.Build.0 = Debug|Win32
		{C2A9441D-5C64-4787-B6AA-6A6FA864F2F2}.Release_DX|Win32.ActiveCfg = Release|Win32
		{C2A9441D-5C64-4787-B6AA-6A6FA864F2F2}.Release_DX|Win32.Build.0 = Release|Win32
		{C2A9441D-5C64-4787-B6AA-6A6FA864F2F2}.Release_Static|Win32.ActiveCfg = Release|Win32
		{C2A9441D-5C64-4787-B6AA-6A6FA864F2F2}.Release_Static|Win32.Build.0 = Release|Win32
		{C2A9441D-5C64-4787-B6AA-6A6FA864F2F2}.Release_StaticD|Win32.ActiveCfg = Release|Win32
		{C2A9441D-5C64-4787-B6AA-6A6FA864F2F2}.Release_StaticD|Win32.Build.0 = Release|Win32
		{C2A9441D-5C64-4787-B6AA-6A6FA864F2F2}.Release|Win32.ActiveCfg = Release|Win32
		{C2A9441D-5C64-4787-B6AA-6A6FA864F2F2}.Release|Win32.Build.0 = Release|Win32
		{C2A9441D-5C64-4787-B6AA-6A6FA864F2F2}.SSDDebug|Win32.ActiveCfg = SSDDebug|Win32
		{C2A9441D-5C64-4787-B6AA-6A6FA864F2F2}.SSDDebug|Win32.Build.0 = SSDDebug|Win32
		{C2A9441D-5C64-4787-B6AA-6A6FA864F2F2}.SSDRelease|Win32.ActiveCfg = SSDRelease|Win32
		{C2A9441D-5C64-4787-B6AA-6A6FA864F2F2}.SSDRelease|Win32.Build.0 = SSDRelease|Win32
		{A6562CA3-AE51-4BC5-9E0A-E6BAB3D5072C}.Debug|Win32.ActiveCfg = Debug|Win32
		{A6562CA3-AE51-4BC5-9E0A-E6BAB3D5072C}.RDebug|Win32.ActiveCfg = Debug|Win32
		{A6562CA3-AE51-4BC5-9E0A-E6BAB3D5072C}.RDebug|Win32.Build.0 = Debug|Win32
		{A6562CA3-AE51-4BC5-9E0A-E6BAB3D5072C}.Release_ALL|Win32.ActiveCfg = Release|Win32
		{A6562CA3-AE51-4BC5-9E0A-E6BAB3D5072C}.Release_ALL|Win32.Build.0 = Release|Win32
		{A6562CA3-AE51-4BC5-9E0A-E6BAB3D5072C}.Release_ALLX|Win32.ActiveCfg = Release|Win32
		{A6562CA3-AE51-4BC5-9E0A-E6BAB3D5072C}.Release_ALLX|Win32.Build.0 = Release|Win32
		{A6562CA3-AE51-4BC5-9E0A-E6BAB3D5072C}.Release_D|Win32.ActiveCfg = Release|Win32
		{A6562CA3-AE51-4BC5-9E0A-E6BAB3D5072C}.Release_D|Win32.Build.0 = Release|Win32
		{A6562CA3-AE51-4BC5-9E0A-E6BAB3D5072C}.Release_DX|Win32.ActiveCfg = Release|Win32
		{A6562CA3-AE51-4BC5-9E0A-E6BAB3D5072C}.Release_DX|Win32.Build.0 = Release|Win32
		{A6562CA3-AE51-4BC5-9E0A-E6BAB3D5072C}.Release_Static|Win32.ActiveCfg = Release|Win32
		{A6562CA3-AE51-4BC5-9E0A-E6BAB3D5072C}.Release_Static|Win32.Build.0 = Release|Win32
		{A6562CA3-AE51-4BC5-9E0A-E6BAB3D5072C}.Release_StaticD|Win32.ActiveCfg = Release|Win32
		{A6562CA3-AE51-4BC5-9E0A-E6BAB3D5072C}.Release_StaticD|Win32.Build.0 = Release|Win32
		{A6562CA3-AE51-4BC5-9E0A-E6BAB3D5072C}.Release|Win32.ActiveCfg = Release|Win32
		{A6562CA3-AE51-4BC5-9E0A-E6BAB3D5072C}.SSDDebug|Win32.ActiveCfg = Debug|Win32
		{A6562CA3-AE51-4BC5-9E0A-E6BAB3D5072C}.SSDDebug|Win32.Build.0 = Debug|Win32
		{A6562CA3-AE51-4BC5-9E0A-E6BAB3D5072C}.SSDRelease|Win32.ActiveCfg = Release|Win32
		{A6562CA3-AE51-4BC5-9E0A-E6BAB3D5072C}.SSDRelease|Win32.Build.0 = Release|Win32
		{64F125A6-E15D-4F1E-85F4-60783EC01423}.Debug|Win32.ActiveCfg = Debug|Win32
		{64F125A6-E15D-4F1E-85F4-60783EC01423}.RDebug|Win32.ActiveCfg = RDebug|Win32
		{64F125A6-E15D-4F1E-85F4-60783EC01423}.RDebug|Win32.Build.0 = RDebug|Win32
		{64F125A6-E15D-4F1E-85F4-60783EC01423}.Release_ALL|Win32.ActiveCfg = Release_ALL|Win32
		{64F125A6-E15D-4F1E-85F4-60783EC01423}.Release_ALL|Win32.Build.0 = Release_ALL|Win32
		{64F125A6-E15D-4F1E-85F4-60783EC01423}.Release_ALLX|Win32.ActiveCfg = Release_ALLX|Win32
		{64F125A6-E15D-4F1E-85F4-60783EC01423}.Release_ALLX|Win32.Build.0 = Release_ALLX|Win32
		{64F125A6-E15D-4F1E-85F4-60783EC01423}.Release_D|Win32.ActiveCfg = Release_D|Win32
		{64F125A6-E15D-4F1E-85F4-60783EC01423}.Release_D|Win32.Build.0 = Release_D|Win32
		{64F125A6-E15D-4F1E-85F4-60783EC01423}.Release_DX|Win32.ActiveCfg = Release_DX|Win32
		{64F125A6-E15D-4F1E-85F4-60783EC01423}.Release_DX|Win32.Build.0 = Release_DX|Win32
		{64F125A6-E15D-4F1E-85F4-60783EC01423}.Release_Static|Win32.ActiveCfg = Release_D|Win32
		{64F125A6-E15D-4F1E-85F4-60783EC01423}.Release_Static|Win32.Build.0 = Release_D|Win32
		{64F125A6-E15D-4F1E-85F4-60783EC01423}.Release_StaticD|Win32.ActiveCfg = Release_D|Win32
		{64F125A6-E15D-4F1E-85F4-60783EC01423}.Release_StaticD|Win32.Build.0 = Release_D|Win32
		{64F125A6-E15D-4F1E-85F4-60783EC01423}.Release|Win32.ActiveCfg = Release_D|Win32
		{64F125A6-E15D-4F1E-85F4-60783EC01423}.SSDDebug|Win32.ActiveCfg = Debug|Win32
		{64F125A6-E15D-4F1E-85F4-60783EC01423}.SSDDebug|Win32.Build.0 = Debug|Win32
		{64F125A6-E15D-4F1E-85F4-60783EC01423}.SSDRelease|Win32.ActiveCfg = Release_D|Win32
		{64F125A6-E15D-4F1E-85F4-60783EC01423}.SSDRelease|Win32.Build.0 = Release_D|Win32
		{C39D8A30-8FDF-473B-8008-0B3E0A99AF33}.Debug|Win32.ActiveCfg = Debug|Win32
		{C39D8A30-8FDF-473B-8008-0B3E0A99AF33}.RDebug|Win32.ActiveCfg = Debug|Win32
		{C39D8A30-8FDF-473B-8008-0B3E0A99AF33}.RDebug|Win32.Build.0 = Debug|Win32
		{C39D8A30-8FDF-473B-8008-0B3E0A99AF33}.Release_ALL|Win32.ActiveCfg = Release|Win32
		{C39D8A30-8FDF-473B-8008-0B3E0A99AF33}.Release_ALL|Win32.Build.0 = Release|Win32
		{C39D8A30-8FDF-473B-8008-0B3E0A99AF33}.Release_ALLX|Win32.ActiveCfg = Release|Win32
		{C39D8A30-8FDF-473B-8008-0B3E0A99AF33}.Release_ALLX|Win32.Build.0 = Release|Win32
		{C39D8A30-8FDF-473B-8008-0B3E0A99AF33}.Release_D|Win32.ActiveCfg = Release|Win32
		{C39D8A30-8FDF-473B-8008-0B3E0A99AF33}.Release_D|Win32.Build.0 = Release|Win32
		{C39D8A30-8FDF-473B-8008-0B3E0A99AF33}.Release_DX|Win32.ActiveCfg = Release|Win32
		{C39D8A30-8FDF-473B-8008-0B3E0A99AF33}.Release_DX|Win32.Build.0 = Release|Win32
		{C39D8A30-8FDF-473B-8008-0B3E0A99AF33}.Release_Static|Win32.ActiveCfg = Release|Win32
		{C39D8A30-8FDF-473B-8008-0B3E0A99AF33}.Release_Static|Win32.Build.0 = Release|Win32
		{C39D8A30-8FDF-473B-8008-0B3E0A99AF33}.Release_StaticD|Win32.ActiveCfg = Release|Win32
		{C39D8A30-8FDF-473B-8008-0B3E0A99AF33}.Release_StaticD|Win32.Build.0 = Release|Win32
		{C39D8A30-8FDF-473B-8008-0B3E0A99AF33}.Release|Win32.ActiveCfg = Release|Win32
		{C39D8A30-8FDF-473B-8008-0B3E0A99AF33}.SSDDebug|Win32.ActiveCfg = Debug|Win32
		{C39D8A30-8FDF-473B-8008-0B3E0A99AF33}.SSDDebug|Win32.Build.0 = Debug|Win32
		{C39D8A30-8FDF-473B-8008-0B3E0A99AF33}.SSDRelease|Win32.ActiveCfg = Release|Win32
		{C39D8A30-8FDF-473B-8008-0B3E0A99AF33}.SSDRelease|Win32.Build.0 = Release|Win32
		{45673E34-FE97-4553-B7AF-F0E465CA554B}.Debug|Win32.ActiveCfg = Debug|Win32
		{45673E34-FE97-4553-B7AF-F0E465CA554B}.Debug|Win32.Build.0 = Debug|Win32
		{45673E34-FE97-4553-B7AF-F0E465CA554B}.RDebug|Win32.ActiveCfg = Debug|Win32
		{45673E34-FE97-4553-B7AF-F0E465CA554B}.RDebug|Win32.Build.0 = Debug|Win32
		{45673E34-FE97-4553-B7AF-F0E465CA554B}.Release_ALL|Win32.ActiveCfg = Release|Win32
		{45673E34-FE97-4553-B7AF-F0E465CA554B}.Release_ALL|Win32.Build.0 = Release|Win32
		{45673E34-FE97-4553-B7AF-F0E465CA554B}.Release_ALLX|Win32.ActiveCfg = Release|Win32
		{45673E34-FE97-4553-B7AF-F0E465CA554B}.Release_ALLX|Win32.Build.0 = Release|Win32
		{45673E34-FE97-4553-B7AF-F0E465CA554B}.Release_D|Win32.ActiveCfg = Release|Win32
		{45673E34-FE97-4553-B7AF-F0E465CA554B}.Release_D|Win32.Build.0 = Release|Win32
		{45673E34-FE97-4553-B7AF-F0E465CA554B}.Release_DX|Win32.ActiveCfg = Release|Win32
		{45673E34-FE97-4553-B7AF-F0E465CA554B}.Release_DX|Win32.Build.0 = Release|Win32
		{45673E34-FE97-4553-B7AF-F0E465CA554B}.Release_Static|Win32.ActiveCfg = Release|Win32
		{45673E34-FE97-4553-B7AF-F0E465CA554B}.Release_Static|Win32.Build.0 = Release|Win32
		{45673E34-FE97-4553-B7AF-F0E465CA554B}.Release_StaticD|Win32.ActiveCfg = Release|Win32
		{45673E34-FE97-4553-B7AF-F0E465CA554B}.Release_StaticD|Win32.Build.0 = Release|Win32
		{45673E34-FE97-4553-B7AF-F0E465CA554B}.Release|Win32.ActiveCfg = Release|Win32
		{45673E34-FE97-4553-B7AF-F0E465CA554B}.Release|Win32.Build.0 = Release|Win32
		{45673E34-FE97-4553-B7AF-F0E465CA554B}.SSDDebug|Win32.ActiveCfg = Debug|Win32
		{45673E34-FE97-4553-B7AF-F0E465CA554B}.SSDDebug|Win32.Build.0 = Debug|Win32
		{45673E34-FE97-4553-B7AF-F0E465CA554B}.SSDRelease|Win32.ActiveCfg = Release|Win32
		{45673E34-FE97-4553-B7AF-F0E465CA554B}.SSDRelease|Win32.Build.0 = Release|Win32
		{A5E76D3B-B9EC-472F-993E-EC01F20D0692}.Debug|Win32.ActiveCfg = Debug|Win32
		{A5E76D3B-B9EC-472F-993E-EC01F20D0692}.Debug|Win32.Build.0 = Debug|Win32
		{A5E76D3B-B9EC-472F-993E-EC01F20D0692}.RDebug|Win32.ActiveCfg = Debug|Win32
		{A5E76D3B-B9EC-472F-993E-EC01F20D0692}.RDebug|Win32.Build.0 = Debug|Win32
		{A5E76D3B-B9EC-472F-993E-EC01F20D0692}.Release_ALL|Win32.ActiveCfg = Release|Win32
		{A5E76D3B-B9EC-472F-993E-EC01F20D0692}.Release_ALL|Win32.Build.0 = Release|Win32
		{A5E76D3B-B9EC-472F-993E-EC01F20D0692}.Release_ALLX|Win32.ActiveCfg = Release|Win32
		{A5E76D3B-B9EC-472F-993E-EC01F20D0692}.Release_ALLX|Win32.Build.0 = Release|Win32
		{A5E76D3B-B9EC-472F-993E-EC01F20D0692}.Release_D|Win32.ActiveCfg = Release|Win32
		{A5E76D3B-B9EC-472F-993E-EC01F20D0692}.Release_D|Win32.Build.0 = Release|Win32
		{A5E76D3B-B9EC-472F-993E-EC01F20D0692}.Release_DX|Win32.ActiveCfg = Release|Win32
		{A5E76D3B-B9EC-472F-993E-EC01F20D0692}.Release_DX|Win32.Build.0 = Release|Win32
		{A5E76D3B-B9EC-472F-993E-EC01F20D0692}.Release_Static|Win32.ActiveCfg = Release|Win32
		{A5E76D3B-B9EC-472F-993E-EC01F20D0692}.Release_Static|Win32.Build.0 = Release|Win32
		{A5E76D3B-B9EC-472F-993E-EC01F20D0692}.Release_StaticD|Win32.ActiveCfg = Release|Win32
		{A5E76D3B-B9EC-472F-993E-EC01F20D0692}.Release_StaticD|Win32.Build.0 = Release|Win32
		{A5E76D3B-B9EC-472F-993E-EC01F20D0692}.Release|Win32.ActiveCfg = Release|Win32
		{A5E76D3B-B9EC-472F-993E-EC01F20D0692}.Release|Win32.Build.0 = Release|Win32
		{A5E76D3B-B9EC-472F-993E-EC01F20D0692}.SSDDebug|Win32.ActiveCfg = Debug|Win32
		{A5E76D3B-B9EC-472F-993E-EC01F20D0692}.SSDDebug|Win32.Build.0 = Debug|Win32
		{A5E76D3B-B9EC-472F-993E-EC01F20D0692}.SSDRelease|Win32.ActiveCfg = Release|Win32
		{A5E76D3B-B9EC-472F-993E-EC01F20D0692}.SSDRelease|Win32.Build.0 = Release|Win32
	EndGlobalSection
	GlobalSection(SolutionProperties) = preSolution
		HideSolutionNode = FALSE
	EndGlobalSection
EndGlobal
