
Microsoft Visual Studio Solution File, Format Version 12.00
# Visual Studio 2012
Project("{8BC9CEB8-8B4A-11D0-8D11-00A0C91BC942}") = "JXJ", "JXJ.vcxproj", "{C2A9441D-5C64-4787-B6AA-6A6FA864F2F2}"
EndProject
Global
	GlobalSection(SolutionConfigurationPlatforms) = preSolution
		Debug|Win32 = Debug|Win32
		Release|Win32 = Release|Win32
		SSDDebug|Win32 = SSDDebug|Win32
		SSDRelease|Win32 = SSDRelease|Win32
	EndGlobalSection
	GlobalSection(ProjectConfigurationPlatforms) = postSolution
		{C2A9441D-5C64-4787-B6AA-6A6FA864F2F2}.Debug|Win32.ActiveCfg = Debug|Win32
		{C2A9441D-5C64-4787-B6AA-6A6FA864F2F2}.Debug|Win32.Build.0 = Debug|Win32
		{C2A9441D-5C64-4787-B6AA-6A6FA864F2F2}.Release|Win32.ActiveCfg = Release|Win32
		{C2A9441D-5C64-4787-B6AA-6A6FA864F2F2}.Release|Win32.Build.0 = Release|Win32
		{C2A9441D-5C64-4787-B6AA-6A6FA864F2F2}.SSDDebug|Win32.ActiveCfg = SSDDebug|Win32
		{C2A9441D-5C64-4787-B6AA-6A6FA864F2F2}.SSDDebug|Win32.Build.0 = SSDDebug|Win32
		{C2A9441D-5C64-4787-B6AA-6A6FA864F2F2}.SSDRelease|Win32.ActiveCfg = SSDRelease|Win32
		{C2A9441D-5C64-4787-B6AA-6A6FA864F2F2}.SSDRelease|Win32.Build.0 = SSDRelease|Win32
	EndGlobalSection
	GlobalSection(SolutionProperties) = preSolution
		HideSolutionNode = FALSE
	EndGlobalSection
EndGlobal
