<?xml version="1.0" encoding="utf-8"?>
<Project ToolsVersion="4.0" xmlns="http://schemas.microsoft.com/developer/msbuild/2003">
  <ItemGroup>
    <Filter Include="源文件">
      <UniqueIdentifier>{93995380-89BD-4b04-88EB-625FBE52EBFB}</UniqueIdentifier>
      <Extensions>h;hpp;hxx;hm;inl;inc;xsd</Extensions>
    </Filter>
    <Filter Include="头文件">
      <UniqueIdentifier>{67DA6AB6-F800-4c08-8B7A-83BB121AAD01}</UniqueIdentifier>
      <Extensions>rc;ico;cur;bmp;dlg;rc2;rct;bin;rgs;gif;jpg;jpeg;jpe;resx</Extensions>
    </Filter>
  </ItemGroup>
  <ItemGroup>
    <ClCompile Include="..\..\src\crnetapp\appAccountData.cpp">
      <Filter>源文件</Filter>
    </ClCompile>
    <ClCompile Include="..\..\src\crnetapp\appCharacterUpdateMethod.cpp">
      <Filter>源文件</Filter>
    </ClCompile>
    <ClCompile Include="..\..\src\crnetapp\appClientPlayerData.cpp">
      <Filter>源文件</Filter>
    </ClCompile>
    <ClCompile Include="..\..\src\crnetapp\appDataClass.cpp">
      <Filter>源文件</Filter>
    </ClCompile>
    <ClCompile Include="..\..\src\crnetapp\appDataStreamTransfer.cpp">
      <Filter>源文件</Filter>
    </ClCompile>
    <ClCompile Include="..\..\src\crnetapp\appDBQuery.cpp">
      <Filter>源文件</Filter>
    </ClCompile>
    <ClCompile Include="..\..\src\crnetapp\appDBQuery2.cpp">
      <Filter>源文件</Filter>
    </ClCompile>
    <ClCompile Include="..\..\src\crnetapp\appDBUpdate.cpp">
      <Filter>源文件</Filter>
    </ClCompile>
    <ClCompile Include="..\..\src\crnetapp\appDBUpdate2.cpp">
      <Filter>源文件</Filter>
    </ClCompile>
    <ClCompile Include="..\..\src\crnetapp\appGlobalHandle.cpp">
      <Filter>源文件</Filter>
    </ClCompile>
    <ClCompile Include="..\..\src\crnetapp\appLoginStartLoader.cpp">
      <Filter>源文件</Filter>
    </ClCompile>
    <ClCompile Include="..\..\src\crnetapp\appNetCallbacks.cpp">
      <Filter>源文件</Filter>
    </ClCompile>
    <ClCompile Include="..\..\src\crnetapp\appNetChatData.cpp">
      <Filter>源文件</Filter>
    </ClCompile>
    <ClCompile Include="..\..\src\crnetapp\appNetGameData.cpp">
      <Filter>源文件</Filter>
    </ClCompile>
    <ClCompile Include="..\..\src\crnetapp\appNetLoader.cpp">
      <Filter>源文件</Filter>
    </ClCompile>
    <ClCompile Include="..\..\src\crnetapp\appNetLogic.cpp">
      <Filter>源文件</Filter>
    </ClCompile>
    <ClCompile Include="..\..\src\crnetapp\appNetMethod.cpp">
      <Filter>源文件</Filter>
    </ClCompile>
    <ClCompile Include="..\..\src\crnetapp\appNetPackets.cpp">
      <Filter>源文件</Filter>
    </ClCompile>
    <ClCompile Include="..\..\src\crnetapp\appNetPackets2.cpp">
      <Filter>源文件</Filter>
    </ClCompile>
    <ClCompile Include="..\..\src\crnetapp\appNetStartLoader.cpp">
      <Filter>源文件</Filter>
    </ClCompile>
    <ClCompile Include="..\..\src\crnetapp\appPathFinding.cpp">
      <Filter>源文件</Filter>
    </ClCompile>
    <ClCompile Include="..\..\src\crnetapp\appServerPlayerData.cpp">
      <Filter>源文件</Filter>
    </ClCompile>
    <ClCompile Include="..\..\src\crnetapp\appSingleGameLogic.cpp">
      <Filter>源文件</Filter>
    </ClCompile>
    <ClCompile Include="..\..\src\crnetapp\appSingleGameMethod.cpp">
      <Filter>源文件</Filter>
    </ClCompile>
    <ClCompile Include="..\..\src\crnetapp\appSingleGameSceneProxy.cpp">
      <Filter>源文件</Filter>
    </ClCompile>
    <ClCompile Include="..\..\src\crnetapp\appUIMethod.cpp">
      <Filter>源文件</Filter>
    </ClCompile>
    <ClCompile Include="..\..\src\crnetapp\appSightInfo.cpp">
      <Filter>源文件</Filter>
    </ClCompile>
    <ClCompile Include="..\..\src\crnetapp\appNodeCallbacks.cpp">
      <Filter>源文件</Filter>
    </ClCompile>
    <ClCompile Include="..\..\src\crnetapp\appDataLockManager.cpp">
      <Filter>源文件</Filter>
    </ClCompile>
  </ItemGroup>
  <ItemGroup>
    <ClInclude Include="..\..\include\crnetapp\appAccountData.h">
      <Filter>头文件</Filter>
    </ClInclude>
    <ClInclude Include="..\..\include\crnetapp\appCharacterUpdateMethod.h">
      <Filter>头文件</Filter>
    </ClInclude>
    <ClInclude Include="..\..\include\crnetapp\appClientPlayerData.h">
      <Filter>头文件</Filter>
    </ClInclude>
    <ClInclude Include="..\..\include\crnetapp\appDataClass.h">
      <Filter>头文件</Filter>
    </ClInclude>
    <ClInclude Include="..\..\include\crnetapp\appDataParam.h">
      <Filter>头文件</Filter>
    </ClInclude>
    <ClInclude Include="..\..\include\crnetapp\appDataStreamTransfer.h">
      <Filter>头文件</Filter>
    </ClInclude>
    <ClInclude Include="..\..\include\crnetapp\appDBQuery.h">
      <Filter>头文件</Filter>
    </ClInclude>
    <ClInclude Include="..\..\include\crnetapp\appDBQuery2.h">
      <Filter>头文件</Filter>
    </ClInclude>
    <ClInclude Include="..\..\include\crnetapp\appDBUpdate.h">
      <Filter>头文件</Filter>
    </ClInclude>
    <ClInclude Include="..\..\include\crnetapp\appDBUpdate2.h">
      <Filter>头文件</Filter>
    </ClInclude>
    <ClInclude Include="..\..\include\crnetapp\appExport.h">
      <Filter>头文件</Filter>
    </ClInclude>
    <ClInclude Include="..\..\include\crnetapp\appGlobalHandle.h">
      <Filter>头文件</Filter>
    </ClInclude>
    <ClInclude Include="..\..\include\crnetapp\appLoginStartLoader.h">
      <Filter>头文件</Filter>
    </ClInclude>
    <ClInclude Include="..\..\include\crnetapp\appMsg.h">
      <Filter>头文件</Filter>
    </ClInclude>
    <ClInclude Include="..\..\include\crnetapp\appNetCallbacks.h">
      <Filter>头文件</Filter>
    </ClInclude>
    <ClInclude Include="..\..\include\crnetapp\appNetChatData.h">
      <Filter>头文件</Filter>
    </ClInclude>
    <ClInclude Include="..\..\include\crnetapp\appNetDefine.h">
      <Filter>头文件</Filter>
    </ClInclude>
    <ClInclude Include="..\..\include\crnetapp\appNetGameData.h">
      <Filter>头文件</Filter>
    </ClInclude>
    <ClInclude Include="..\..\include\crnetapp\appNetLoader.h">
      <Filter>头文件</Filter>
    </ClInclude>
    <ClInclude Include="..\..\include\crnetapp\appNetLogic.h">
      <Filter>头文件</Filter>
    </ClInclude>
    <ClInclude Include="..\..\include\crnetapp\appNetMethod.h">
      <Filter>头文件</Filter>
    </ClInclude>
    <ClInclude Include="..\..\include\crnetapp\appNetPackets.h">
      <Filter>头文件</Filter>
    </ClInclude>
    <ClInclude Include="..\..\include\crnetapp\appNetPackets2.h">
      <Filter>头文件</Filter>
    </ClInclude>
    <ClInclude Include="..\..\include\crnetapp\appNetStartLoader.h">
      <Filter>头文件</Filter>
    </ClInclude>
    <ClInclude Include="..\..\include\crnetapp\appPathFinding.h">
      <Filter>头文件</Filter>
    </ClInclude>
    <ClInclude Include="..\..\include\crnetapp\appServerPlayerData.h">
      <Filter>头文件</Filter>
    </ClInclude>
    <ClInclude Include="..\..\include\crnetapp\appSingleGameLogic.h">
      <Filter>头文件</Filter>
    </ClInclude>
    <ClInclude Include="..\..\include\crnetapp\appSingleGameMethod.h">
      <Filter>头文件</Filter>
    </ClInclude>
    <ClInclude Include="..\..\include\crnetapp\appSingleGameSceneProxy.h">
      <Filter>头文件</Filter>
    </ClInclude>
    <ClInclude Include="..\..\include\crnetapp\appUIMethod.h">
      <Filter>头文件</Filter>
    </ClInclude>
    <ClInclude Include="..\..\include\crnetapp\appSightInfo.h">
      <Filter>头文件</Filter>
    </ClInclude>
    <ClInclude Include="..\..\include\crnetapp\appNodeCallbacks.h">
      <Filter>头文件</Filter>
    </ClInclude>
    <ClInclude Include="..\..\include\crnetapp\appDataLockManager.h">
      <Filter>头文件</Filter>
    </ClInclude>
  </ItemGroup>
</Project>