<?xml version="1.0" encoding="utf-8"?>
<Project ToolsVersion="4.0" xmlns="http://schemas.microsoft.com/developer/msbuild/2003">
  <ItemGroup>
    <Filter Include="Quellcodedateien">
      <UniqueIdentifier>{4b62d67e-24eb-4189-9f85-41d42447f7ed}</UniqueIdentifier>
      <Extensions>cpp;c;cxx;rc;def;r;odl;idl;hpj;bat</Extensions>
    </Filter>
    <Filter Include="Header-Dateien">
      <UniqueIdentifier>{25aadc4d-73b3-424d-bae2-d0aba926002b}</UniqueIdentifier>
      <Extensions>h;hpp;hxx;hm;inl</Extensions>
    </Filter>
    <Filter Include="Ressourcendateien">
      <UniqueIdentifier>{f9f7cc34-2e62-4e90-a6a6-a50f2e2c2c7f}</UniqueIdentifier>
      <Extensions>ico;cur;bmp;dlg;rc2;rct;bin;rgs;gif;jpg;jpeg;jpe</Extensions>
    </Filter>
  </ItemGroup>
  <ItemGroup>
    <ClCompile Include="animation.cpp">
      <Filter>Quellcodedateien</Filter>
    </ClCompile>
    <ClCompile Include="animation_action.cpp">
      <Filter>Quellcodedateien</Filter>
    </ClCompile>
    <ClCompile Include="animation_cycle.cpp">
      <Filter>Quellcodedateien</Filter>
    </ClCompile>
    <ClCompile Include="bone.cpp">
      <Filter>Quellcodedateien</Filter>
    </ClCompile>
    <ClCompile Include="buffersource.cpp">
      <Filter>Quellcodedateien</Filter>
    </ClCompile>
    <ClCompile Include="cal3d_wrapper.cpp">
      <Filter>Quellcodedateien</Filter>
    </ClCompile>
    <ClCompile Include="coreanimation.cpp">
      <Filter>Quellcodedateien</Filter>
    </ClCompile>
    <ClCompile Include="corebone.cpp">
      <Filter>Quellcodedateien</Filter>
    </ClCompile>
    <ClCompile Include="corekeyframe.cpp">
      <Filter>Quellcodedateien</Filter>
    </ClCompile>
    <ClCompile Include="corematerial.cpp">
      <Filter>Quellcodedateien</Filter>
    </ClCompile>
    <ClCompile Include="coremesh.cpp">
      <Filter>Quellcodedateien</Filter>
    </ClCompile>
    <ClCompile Include="coremodel.cpp">
      <Filter>Quellcodedateien</Filter>
    </ClCompile>
    <ClCompile Include="coremorphanimation.cpp">
      <Filter>Quellcodedateien</Filter>
    </ClCompile>
    <ClCompile Include="coreskeleton.cpp">
      <Filter>Quellcodedateien</Filter>
    </ClCompile>
    <ClCompile Include="coresubmesh.cpp">
      <Filter>Quellcodedateien</Filter>
    </ClCompile>
    <ClCompile Include="coresubmorphtarget.cpp">
      <Filter>Quellcodedateien</Filter>
    </ClCompile>
    <ClCompile Include="coretrack.cpp">
      <Filter>Quellcodedateien</Filter>
    </ClCompile>
    <ClCompile Include="error.cpp">
      <Filter>Quellcodedateien</Filter>
    </ClCompile>
    <ClCompile Include="global.cpp">
      <Filter>Quellcodedateien</Filter>
    </ClCompile>
    <ClCompile Include="hardwaremodel.cpp">
      <Filter>Quellcodedateien</Filter>
    </ClCompile>
    <ClCompile Include="loader.cpp">
      <Filter>Quellcodedateien</Filter>
    </ClCompile>
    <ClCompile Include="matrix.cpp">
      <Filter>Quellcodedateien</Filter>
    </ClCompile>
    <ClCompile Include="mesh.cpp">
      <Filter>Quellcodedateien</Filter>
    </ClCompile>
    <ClCompile Include="mixer.cpp">
      <Filter>Quellcodedateien</Filter>
    </ClCompile>
    <ClCompile Include="model.cpp">
      <Filter>Quellcodedateien</Filter>
    </ClCompile>
    <ClCompile Include="morphtargetmixer.cpp">
      <Filter>Quellcodedateien</Filter>
    </ClCompile>
    <ClCompile Include="physique.cpp">
      <Filter>Quellcodedateien</Filter>
    </ClCompile>
    <ClCompile Include="platform.cpp">
      <Filter>Quellcodedateien</Filter>
    </ClCompile>
    <ClCompile Include="quaternion.cpp">
      <Filter>Quellcodedateien</Filter>
    </ClCompile>
    <ClCompile Include="renderer.cpp">
      <Filter>Quellcodedateien</Filter>
    </ClCompile>
    <ClCompile Include="saver.cpp">
      <Filter>Quellcodedateien</Filter>
    </ClCompile>
    <ClCompile Include="skeleton.cpp">
      <Filter>Quellcodedateien</Filter>
    </ClCompile>
    <ClCompile Include="springsystem.cpp">
      <Filter>Quellcodedateien</Filter>
    </ClCompile>
    <ClCompile Include="streamsource.cpp">
      <Filter>Quellcodedateien</Filter>
    </ClCompile>
    <ClCompile Include="submesh.cpp">
      <Filter>Quellcodedateien</Filter>
    </ClCompile>
    <ClCompile Include="tinyxml.cpp">
      <Filter>Quellcodedateien</Filter>
    </ClCompile>
    <ClCompile Include="tinyxmlerror.cpp">
      <Filter>Quellcodedateien</Filter>
    </ClCompile>
    <ClCompile Include="tinyxmlparser.cpp">
      <Filter>Quellcodedateien</Filter>
    </ClCompile>
    <ClCompile Include="vector.cpp">
      <Filter>Quellcodedateien</Filter>
    </ClCompile>
  </ItemGroup>
  <ItemGroup>
    <ResourceCompile Include="cal3d.rc">
      <Filter>Quellcodedateien</Filter>
    </ResourceCompile>
  </ItemGroup>
  <ItemGroup>
    <ClInclude Include="animation.h">
      <Filter>Header-Dateien</Filter>
    </ClInclude>
    <ClInclude Include="animation_action.h">
      <Filter>Header-Dateien</Filter>
    </ClInclude>
    <ClInclude Include="animation_cycle.h">
      <Filter>Header-Dateien</Filter>
    </ClInclude>
    <ClInclude Include="animcallback.h">
      <Filter>Header-Dateien</Filter>
    </ClInclude>
    <ClInclude Include="bone.h">
      <Filter>Header-Dateien</Filter>
    </ClInclude>
    <ClInclude Include="buffersource.h">
      <Filter>Header-Dateien</Filter>
    </ClInclude>
    <ClInclude Include="cal3d.h">
      <Filter>Header-Dateien</Filter>
    </ClInclude>
    <ClInclude Include="cal3d_wrapper.h">
      <Filter>Header-Dateien</Filter>
    </ClInclude>
    <ClInclude Include="coreanimation.h">
      <Filter>Header-Dateien</Filter>
    </ClInclude>
    <ClInclude Include="corebone.h">
      <Filter>Header-Dateien</Filter>
    </ClInclude>
    <ClInclude Include="corekeyframe.h">
      <Filter>Header-Dateien</Filter>
    </ClInclude>
    <ClInclude Include="corematerial.h">
      <Filter>Header-Dateien</Filter>
    </ClInclude>
    <ClInclude Include="coremesh.h">
      <Filter>Header-Dateien</Filter>
    </ClInclude>
    <ClInclude Include="coremodel.h">
      <Filter>Header-Dateien</Filter>
    </ClInclude>
    <ClInclude Include="coremorphanimation.h">
      <Filter>Header-Dateien</Filter>
    </ClInclude>
    <ClInclude Include="coreskeleton.h">
      <Filter>Header-Dateien</Filter>
    </ClInclude>
    <ClInclude Include="coresubmesh.h">
      <Filter>Header-Dateien</Filter>
    </ClInclude>
    <ClInclude Include="coresubmorphtarget.h">
      <Filter>Header-Dateien</Filter>
    </ClInclude>
    <ClInclude Include="coretrack.h">
      <Filter>Header-Dateien</Filter>
    </ClInclude>
    <ClInclude Include="datasource.h">
      <Filter>Header-Dateien</Filter>
    </ClInclude>
    <ClInclude Include="error.h">
      <Filter>Header-Dateien</Filter>
    </ClInclude>
    <ClInclude Include="global.h">
      <Filter>Header-Dateien</Filter>
    </ClInclude>
    <ClInclude Include="hardwaremodel.h">
      <Filter>Header-Dateien</Filter>
    </ClInclude>
    <ClInclude Include="loader.h">
      <Filter>Header-Dateien</Filter>
    </ClInclude>
    <ClInclude Include="matrix.h">
      <Filter>Header-Dateien</Filter>
    </ClInclude>
    <ClInclude Include="mesh.h">
      <Filter>Header-Dateien</Filter>
    </ClInclude>
    <ClInclude Include="mixer.h">
      <Filter>Header-Dateien</Filter>
    </ClInclude>
    <ClInclude Include="model.h">
      <Filter>Header-Dateien</Filter>
    </ClInclude>
    <ClInclude Include="morphtargetmixer.h">
      <Filter>Header-Dateien</Filter>
    </ClInclude>
    <ClInclude Include="physique.h">
      <Filter>Header-Dateien</Filter>
    </ClInclude>
    <ClInclude Include="platform.h">
      <Filter>Header-Dateien</Filter>
    </ClInclude>
    <ClInclude Include="quaternion.h">
      <Filter>Header-Dateien</Filter>
    </ClInclude>
    <ClInclude Include="refcounted.h">
      <Filter>Header-Dateien</Filter>
    </ClInclude>
    <ClInclude Include="refptr.h">
      <Filter>Header-Dateien</Filter>
    </ClInclude>
    <ClInclude Include="renderer.h">
      <Filter>Header-Dateien</Filter>
    </ClInclude>
    <ClInclude Include="resource.h">
      <Filter>Header-Dateien</Filter>
    </ClInclude>
    <ClInclude Include="saver.h">
      <Filter>Header-Dateien</Filter>
    </ClInclude>
    <ClInclude Include="skeleton.h">
      <Filter>Header-Dateien</Filter>
    </ClInclude>
    <ClInclude Include="springsystem.h">
      <Filter>Header-Dateien</Filter>
    </ClInclude>
    <ClInclude Include="streamsource.h">
      <Filter>Header-Dateien</Filter>
    </ClInclude>
    <ClInclude Include="submesh.h">
      <Filter>Header-Dateien</Filter>
    </ClInclude>
    <ClInclude Include="tinyxml.h">
      <Filter>Header-Dateien</Filter>
    </ClInclude>
    <ClInclude Include="vector.h">
      <Filter>Header-Dateien</Filter>
    </ClInclude>
  </ItemGroup>
  <ItemGroup>
    <None Include="..\..\AUTHORS" />
    <None Include="..\..\ChangeLog" />
    <None Include="..\..\COPYING" />
    <None Include="..\..\INSTALL" />
    <None Include="..\..\README" />
    <None Include="..\..\TODO" />
  </ItemGroup>
</Project>