<?xml version="1.0" encoding="utf-8"?>
<Project ToolsVersion="4.0" xmlns="http://schemas.microsoft.com/developer/msbuild/2003">
  <ItemGroup>
    <Filter Include="源文件">
      <UniqueIdentifier>{4FC737F1-C7A5-4376-A066-2A32D752A2FF}</UniqueIdentifier>
      <Extensions>cpp;c;cxx;def;odl;idl;hpj;bat;asm;asmx</Extensions>
    </Filter>
    <Filter Include="头文件">
      <UniqueIdentifier>{93995380-89BD-4b04-88EB-625FBE52EBFB}</UniqueIdentifier>
      <Extensions>h;hpp;hxx;hm;inl;inc;xsd</Extensions>
    </Filter>
    <Filter Include="资源文件">
      <UniqueIdentifier>{67DA6AB6-F800-4c08-8B7A-83BB121AAD01}</UniqueIdentifier>
      <Extensions>rc;ico;cur;bmp;dlg;rc2;rct;bin;rgs;gif;jpg;jpeg;jpe;resx</Extensions>
    </Filter>
  </ItemGroup>
  <ItemGroup>
    <ClCompile Include="..\..\src\crparticle\crBounceOperator.cpp">
      <Filter>源文件</Filter>
    </ClCompile>
    <ClCompile Include="..\..\src\crparticle\crConnectedParticleSystem.cpp">
      <Filter>源文件</Filter>
    </ClCompile>
    <ClCompile Include="..\..\src\crparticle\crDomainOperator.cpp">
      <Filter>源文件</Filter>
    </ClCompile>
    <ClCompile Include="..\..\src\crparticle\crEmitter.cpp">
      <Filter>源文件</Filter>
    </ClCompile>
    <ClCompile Include="..\..\src\crparticle\crFluidFrictionOperator.cpp">
      <Filter>源文件</Filter>
    </ClCompile>
    <ClCompile Include="..\..\src\crparticle\crFluidProgram.cpp">
      <Filter>源文件</Filter>
    </ClCompile>
    <ClCompile Include="..\..\src\crparticle\crModularEmitter.cpp">
      <Filter>源文件</Filter>
    </ClCompile>
    <ClCompile Include="..\..\src\crparticle\crModularProgram.cpp">
      <Filter>源文件</Filter>
    </ClCompile>
    <ClCompile Include="..\..\src\crparticle\crMultiSegmentPlacer.cpp">
      <Filter>源文件</Filter>
    </ClCompile>
    <ClCompile Include="..\..\src\crparticle\crParticle.cpp">
      <Filter>源文件</Filter>
    </ClCompile>
    <ClCompile Include="..\..\src\crparticle\crParticleEffect.cpp">
      <Filter>源文件</Filter>
    </ClCompile>
    <ClCompile Include="..\..\src\crparticle\crParticleProcessor.cpp">
      <Filter>源文件</Filter>
    </ClCompile>
    <ClCompile Include="..\..\src\crparticle\crParticleSystem.cpp">
      <Filter>源文件</Filter>
    </ClCompile>
    <ClCompile Include="..\..\src\crparticle\crParticleSystemUpdater.cpp">
      <Filter>源文件</Filter>
    </ClCompile>
    <ClCompile Include="..\..\src\crparticle\crProgram.cpp">
      <Filter>源文件</Filter>
    </ClCompile>
    <ClCompile Include="..\..\src\crparticle\crSinkOperator.cpp">
      <Filter>源文件</Filter>
    </ClCompile>
  </ItemGroup>
  <ItemGroup>
    <ClInclude Include="..\..\include\crparticle\crAccelOperator.h">
      <Filter>头文件</Filter>
    </ClInclude>
    <ClInclude Include="..\..\include\crparticle\crAngularAccelOperator.h">
      <Filter>头文件</Filter>
    </ClInclude>
    <ClInclude Include="..\..\include\crparticle\crAngularDampingOperator.h">
      <Filter>头文件</Filter>
    </ClInclude>
    <ClInclude Include="..\..\include\crparticle\crBounceOperator.h">
      <Filter>头文件</Filter>
    </ClInclude>
    <ClInclude Include="..\..\include\crparticle\crBoxPlacer.h">
      <Filter>头文件</Filter>
    </ClInclude>
    <ClInclude Include="..\..\include\crparticle\crCenteredPlacer.h">
      <Filter>头文件</Filter>
    </ClInclude>
    <ClInclude Include="..\..\include\crparticle\crCompositePlacer.h">
      <Filter>头文件</Filter>
    </ClInclude>
    <ClInclude Include="..\..\include\crparticle\crConnectedParticleSystem.h">
      <Filter>头文件</Filter>
    </ClInclude>
    <ClInclude Include="..\..\include\crparticle\crConstantRateCounter.h">
      <Filter>头文件</Filter>
    </ClInclude>
    <ClInclude Include="..\..\include\crparticle\crCounter.h">
      <Filter>头文件</Filter>
    </ClInclude>
    <ClInclude Include="..\..\include\crparticle\crDampingOperator.h">
      <Filter>头文件</Filter>
    </ClInclude>
    <ClInclude Include="..\..\include\crparticle\crDomainOperator.h">
      <Filter>头文件</Filter>
    </ClInclude>
    <ClInclude Include="..\..\include\crparticle\crEmitter.h">
      <Filter>头文件</Filter>
    </ClInclude>
    <ClInclude Include="..\..\include\crparticle\crExplosionOperator.h">
      <Filter>头文件</Filter>
    </ClInclude>
    <ClInclude Include="..\..\include\crparticle\crExport.h">
      <Filter>头文件</Filter>
    </ClInclude>
    <ClInclude Include="..\..\include\crparticle\crFluidFrictionOperator.h">
      <Filter>头文件</Filter>
    </ClInclude>
    <ClInclude Include="..\..\include\crparticle\crFluidProgram.h">
      <Filter>头文件</Filter>
    </ClInclude>
    <ClInclude Include="..\..\include\crparticle\crForceOperator.h">
      <Filter>头文件</Filter>
    </ClInclude>
    <ClInclude Include="..\..\include\crparticle\crInterpolator.h">
      <Filter>头文件</Filter>
    </ClInclude>
    <ClInclude Include="..\..\include\crparticle\crLinearInterpolator.h">
      <Filter>头文件</Filter>
    </ClInclude>
    <ClInclude Include="..\..\include\crparticle\crModularEmitter.h">
      <Filter>头文件</Filter>
    </ClInclude>
    <ClInclude Include="..\..\include\crparticle\crModularProgram.h">
      <Filter>头文件</Filter>
    </ClInclude>
    <ClInclude Include="..\..\include\crparticle\crMultiSegmentPlacer.h">
      <Filter>头文件</Filter>
    </ClInclude>
    <ClInclude Include="..\..\include\crparticle\crOperator.h">
      <Filter>头文件</Filter>
    </ClInclude>
    <ClInclude Include="..\..\include\crparticle\crOrbitOperator.h">
      <Filter>头文件</Filter>
    </ClInclude>
    <ClInclude Include="..\..\include\crparticle\crParticle.h">
      <Filter>头文件</Filter>
    </ClInclude>
    <ClInclude Include="..\..\include\crparticle\crParticleEffect.h">
      <Filter>头文件</Filter>
    </ClInclude>
    <ClInclude Include="..\..\include\crparticle\crParticleProcessor.h">
      <Filter>头文件</Filter>
    </ClInclude>
    <ClInclude Include="..\..\include\crparticle\crParticleSystem.h">
      <Filter>头文件</Filter>
    </ClInclude>
    <ClInclude Include="..\..\include\crparticle\crParticleSystemUpdater.h">
      <Filter>头文件</Filter>
    </ClInclude>
    <ClInclude Include="..\..\include\crparticle\crPlacer.h">
      <Filter>头文件</Filter>
    </ClInclude>
    <ClInclude Include="..\..\include\crparticle\crPointPlacer.h">
      <Filter>头文件</Filter>
    </ClInclude>
    <ClInclude Include="..\..\include\crparticle\crProgram.h">
      <Filter>头文件</Filter>
    </ClInclude>
    <ClInclude Include="..\..\include\crparticle\crRadialShooter.h">
      <Filter>头文件</Filter>
    </ClInclude>
    <ClInclude Include="..\..\include\crparticle\crRandomRateCounter.h">
      <Filter>头文件</Filter>
    </ClInclude>
    <ClInclude Include="..\..\include\crparticle\crSectorPlacer.h">
      <Filter>头文件</Filter>
    </ClInclude>
    <ClInclude Include="..\..\include\crparticle\crSegmentPlacer.h">
      <Filter>头文件</Filter>
    </ClInclude>
    <ClInclude Include="..\..\include\crparticle\crShooter.h">
      <Filter>头文件</Filter>
    </ClInclude>
    <ClInclude Include="..\..\include\crparticle\crSinkOperator.h">
      <Filter>头文件</Filter>
    </ClInclude>
    <ClInclude Include="..\..\include\crparticle\crVariableRateCounter.h">
      <Filter>头文件</Filter>
    </ClInclude>
    <ClInclude Include="..\..\include\crparticle\crConstantCounter.h">
      <Filter>头文件</Filter>
    </ClInclude>
  </ItemGroup>
</Project>