<?xml version="1.0" encoding="UTF-8"?>
<Project ToolsVersion="4.0" xmlns="http://schemas.microsoft.com/developer/msbuild/2003">
  <ItemGroup>
    <CustomBuild Include="CMakeFiles\f52966f0cdbac28059f3a1c4d37eb9e0\INSTALL_force.rule">
      <Filter>CMake Rules</Filter>
    </CustomBuild>
  </ItemGroup>
  <ItemGroup>
    <Filter Include="CMake Rules">
      <UniqueIdentifier>{6A57804C-1B51-3388-9C72-93A221AA0544}</UniqueIdentifier>
    </Filter>
  </ItemGroup>
</Project>
