<?xml version="1.0" encoding="utf-8"?>
<Project ToolsVersion="4.0" xmlns="http://schemas.microsoft.com/developer/msbuild/2003">
  <ItemGroup>
    <Filter Include="源文件">
      <UniqueIdentifier>{4FC737F1-C7A5-4376-A066-2A32D752A2FF}</UniqueIdentifier>
      <Extensions>cpp;c;cxx;def;odl;idl;hpj;bat;asm;asmx</Extensions>
    </Filter>
    <Filter Include="源文件\thread">
      <UniqueIdentifier>{33a4e757-74d0-4380-a7b3-d95205473403}</UniqueIdentifier>
    </Filter>
    <Filter Include="头文件">
      <UniqueIdentifier>{93995380-89BD-4b04-88EB-625FBE52EBFB}</UniqueIdentifier>
      <Extensions>h;hpp;hxx;hm;inl;inc;xsd</Extensions>
    </Filter>
    <Filter Include="头文件\thread">
      <UniqueIdentifier>{521bcb62-1758-44f3-a918-a9c31840938b}</UniqueIdentifier>
    </Filter>
    <Filter Include="资源文件">
      <UniqueIdentifier>{67DA6AB6-F800-4c08-8B7A-83BB121AAD01}</UniqueIdentifier>
      <Extensions>rc;ico;cur;bmp;dlg;rc2;rct;bin;rgs;gif;jpg;jpeg;jpe;resx</Extensions>
    </Filter>
    <Filter Include="Driver">
      <UniqueIdentifier>{842f008b-a2db-4d03-9878-55a7b606dcac}</UniqueIdentifier>
    </Filter>
    <Filter Include="Driver\GLDrv">
      <UniqueIdentifier>{8793441a-8a37-42ed-a329-3d5e5cb40573}</UniqueIdentifier>
    </Filter>
  </ItemGroup>
  <ItemGroup>
    <ClCompile Include="..\..\src\crcore\crAITaskManager.cpp">
      <Filter>源文件</Filter>
    </ClCompile>
    <ClCompile Include="..\..\src\crcore\crAlphaFunc.cpp">
      <Filter>源文件</Filter>
    </ClCompile>
    <ClCompile Include="..\..\src\crcore\crAnimationPath.cpp">
      <Filter>源文件</Filter>
    </ClCompile>
    <ClCompile Include="..\..\src\crcore\crArgumentParser.cpp">
      <Filter>源文件</Filter>
    </ClCompile>
    <ClCompile Include="..\..\src\crcore\crArray.cpp">
      <Filter>源文件</Filter>
    </ClCompile>
    <ClCompile Include="..\..\src\crcore\crAutoTransform.cpp">
      <Filter>源文件</Filter>
    </ClCompile>
    <ClCompile Include="..\..\src\crcore\crBase.cpp">
      <Filter>源文件</Filter>
    </ClCompile>
    <ClCompile Include="..\..\src\crcore\crBillboard.cpp">
      <Filter>源文件</Filter>
    </ClCompile>
    <ClCompile Include="..\..\src\crcore\crBlendColor.cpp">
      <Filter>源文件</Filter>
    </ClCompile>
    <ClCompile Include="..\..\src\crcore\crBlendEquation.cpp">
      <Filter>源文件</Filter>
    </ClCompile>
    <ClCompile Include="..\..\src\crcore\crBlendFunc.cpp">
      <Filter>源文件</Filter>
    </ClCompile>
    <ClCompile Include="..\..\src\crcore\crBlowFish.cpp">
      <Filter>源文件</Filter>
    </ClCompile>
    <ClCompile Include="..\..\src\crcore\crBoundingBox.cpp">
      <Filter>源文件</Filter>
    </ClCompile>
    <ClCompile Include="..\..\src\crcore\crBoundingSphere.cpp">
      <Filter>源文件</Filter>
    </ClCompile>
    <ClCompile Include="..\..\src\crcore\crBrain.cpp">
      <Filter>源文件</Filter>
    </ClCompile>
    <ClCompile Include="..\..\src\crcore\crBufferObject.cpp">
      <Filter>源文件</Filter>
    </ClCompile>
    <ClCompile Include="..\..\src\crcore\crCameraNode.cpp">
      <Filter>源文件</Filter>
    </ClCompile>
    <ClCompile Include="..\..\src\crcore\crCameraView.cpp">
      <Filter>源文件</Filter>
    </ClCompile>
    <ClCompile Include="..\..\src\crcore\crClampColor.cpp">
      <Filter>源文件</Filter>
    </ClCompile>
    <ClCompile Include="..\..\src\crcore\crClearNode.cpp">
      <Filter>源文件</Filter>
    </ClCompile>
    <ClCompile Include="..\..\src\crcore\crClipNode.cpp">
      <Filter>源文件</Filter>
    </ClCompile>
    <ClCompile Include="..\..\src\crcore\crClipPlane.cpp">
      <Filter>源文件</Filter>
    </ClCompile>
    <ClCompile Include="..\..\src\crcore\crClusterCullingCallback.cpp">
      <Filter>源文件</Filter>
    </ClCompile>
    <ClCompile Include="..\..\src\crcore\crCollideCallback.cpp">
      <Filter>源文件</Filter>
    </ClCompile>
    <ClCompile Include="..\..\src\crcore\crColorMask.cpp">
      <Filter>源文件</Filter>
    </ClCompile>
    <ClCompile Include="..\..\src\crcore\crColorMatrix.cpp">
      <Filter>源文件</Filter>
    </ClCompile>
    <ClCompile Include="..\..\src\crcore\crConvexPlanarOccluder.cpp">
      <Filter>源文件</Filter>
    </ClCompile>
    <ClCompile Include="..\..\src\crcore\crConvexPlanarPolygon.cpp">
      <Filter>源文件</Filter>
    </ClCompile>
    <ClCompile Include="..\..\src\crcore\crCoordinateSystemNode.cpp">
      <Filter>源文件</Filter>
    </ClCompile>
    <ClCompile Include="..\..\src\crcore\crCopyOp.cpp">
      <Filter>源文件</Filter>
    </ClCompile>
    <ClCompile Include="..\..\src\crcore\crCullFace.cpp">
      <Filter>源文件</Filter>
    </ClCompile>
    <ClCompile Include="..\..\src\crcore\crCullingSet.cpp">
      <Filter>源文件</Filter>
    </ClCompile>
    <ClCompile Include="..\..\src\crcore\crCullSettings.cpp">
      <Filter>源文件</Filter>
    </ClCompile>
    <ClCompile Include="..\..\src\crcore\crCullStack.cpp">
      <Filter>源文件</Filter>
    </ClCompile>
    <ClCompile Include="..\..\src\crcore\crDataManager.cpp">
      <Filter>源文件</Filter>
    </ClCompile>
    <ClCompile Include="..\..\src\crcore\crDB.cpp">
      <Filter>源文件</Filter>
    </ClCompile>
    <ClCompile Include="..\..\src\crcore\crDepth.cpp">
      <Filter>源文件</Filter>
    </ClCompile>
    <ClCompile Include="..\..\src\crcore\crDisplaySettings.cpp">
      <Filter>源文件</Filter>
    </ClCompile>
    <ClCompile Include="..\..\src\crcore\crDOFTransform.cpp">
      <Filter>源文件</Filter>
    </ClCompile>
    <ClCompile Include="..\..\src\crcore\crDrawable.cpp">
      <Filter>源文件</Filter>
    </ClCompile>
    <ClCompile Include="..\..\src\crcore\crDrawPixels.cpp">
      <Filter>源文件</Filter>
    </ClCompile>
    <ClCompile Include="..\..\src\crcore\crEffectSequenceManager.cpp">
      <Filter>源文件</Filter>
    </ClCompile>
    <ClCompile Include="..\..\src\crcore\crEnvironmentManager.cpp">
      <Filter>源文件</Filter>
    </ClCompile>
    <ClCompile Include="..\..\src\crcore\crEventCallbackManager.cpp">
      <Filter>源文件</Filter>
    </ClCompile>
    <ClCompile Include="..\..\src\crcore\crEventGroup.cpp">
      <Filter>源文件</Filter>
    </ClCompile>
    <ClCompile Include="..\..\src\crcore\crEventMsg.cpp">
      <Filter>源文件</Filter>
    </ClCompile>
    <ClCompile Include="..\..\src\crcore\crFilterRenderManager.cpp">
      <Filter>源文件</Filter>
    </ClCompile>
    <ClCompile Include="..\..\src\crcore\crFog.cpp">
      <Filter>源文件</Filter>
    </ClCompile>
    <ClCompile Include="..\..\src\crcore\crFrameBufferObject.cpp">
      <Filter>源文件</Filter>
    </ClCompile>
    <ClCompile Include="..\..\src\crcore\crFrameStamp.cpp">
      <Filter>源文件</Filter>
    </ClCompile>
    <ClCompile Include="..\..\src\crcore\crFrontFace.cpp">
      <Filter>源文件</Filter>
    </ClCompile>
    <ClCompile Include="..\..\src\crcore\crGeometry.cpp">
      <Filter>源文件</Filter>
    </ClCompile>
    <ClCompile Include="..\..\src\crcore\crGraphicsContext.cpp">
      <Filter>源文件</Filter>
    </ClCompile>
    <ClCompile Include="..\..\src\crcore\crGraphicsThread.cpp">
      <Filter>源文件</Filter>
    </ClCompile>
    <ClCompile Include="..\..\src\crcore\crGroup.cpp">
      <Filter>源文件</Filter>
    </ClCompile>
    <ClCompile Include="..\..\src\crcore\crHandleManager.cpp">
      <Filter>源文件</Filter>
    </ClCompile>
    <ClCompile Include="..\..\src\crcore\crHint.cpp">
      <Filter>源文件</Filter>
    </ClCompile>
    <ClCompile Include="..\..\src\crcore\crImage.cpp">
      <Filter>源文件</Filter>
    </ClCompile>
    <ClCompile Include="..\..\src\crcore\crImageSequence.cpp">
      <Filter>源文件</Filter>
    </ClCompile>
    <ClCompile Include="..\..\src\crcore\crImageStream.cpp">
      <Filter>源文件</Filter>
    </ClCompile>
    <ClCompile Include="..\..\src\crcore\crImageUtils.cpp">
      <Filter>源文件</Filter>
    </ClCompile>
    <ClCompile Include="..\..\src\crcore\crIntersectVisitor.cpp">
      <Filter>源文件</Filter>
    </ClCompile>
    <ClCompile Include="..\..\src\crcore\crKdTree.cpp">
      <Filter>源文件</Filter>
    </ClCompile>
    <ClCompile Include="..\..\src\crcore\crLight.cpp">
      <Filter>源文件</Filter>
    </ClCompile>
    <ClCompile Include="..\..\src\crcore\crLightModel.cpp">
      <Filter>源文件</Filter>
    </ClCompile>
    <ClCompile Include="..\..\src\crcore\crLightSource.cpp">
      <Filter>源文件</Filter>
    </ClCompile>
    <ClCompile Include="..\..\src\crcore\crLightSourceManager.cpp">
      <Filter>源文件</Filter>
    </ClCompile>
    <ClCompile Include="..\..\src\crcore\crLineSegment.cpp">
      <Filter>源文件</Filter>
    </ClCompile>
    <ClCompile Include="..\..\src\crcore\crLineStipple.cpp">
      <Filter>源文件</Filter>
    </ClCompile>
    <ClCompile Include="..\..\src\crcore\crLineWidth.cpp">
      <Filter>源文件</Filter>
    </ClCompile>
    <ClCompile Include="..\..\src\crcore\crLod.cpp">
      <Filter>源文件</Filter>
    </ClCompile>
    <ClCompile Include="..\..\src\crcore\crLogicOp.cpp">
      <Filter>源文件</Filter>
    </ClCompile>
    <ClCompile Include="..\..\src\crcore\crMaterial.cpp">
      <Filter>源文件</Filter>
    </ClCompile>
    <ClCompile Include="..\..\src\crcore\crMaterialStateSetManager.cpp">
      <Filter>源文件</Filter>
    </ClCompile>
    <ClCompile Include="..\..\src\crcore\crMatrixd.cpp">
      <Filter>源文件</Filter>
    </ClCompile>
    <ClCompile Include="..\..\src\crcore\crMatrixf.cpp">
      <Filter>源文件</Filter>
    </ClCompile>
    <ClCompile Include="..\..\src\crcore\crMatrixTransform.cpp">
      <Filter>源文件</Filter>
    </ClCompile>
    <ClCompile Include="..\..\src\crcore\crMultisample.cpp">
      <Filter>源文件</Filter>
    </ClCompile>
    <ClCompile Include="..\..\src\crcore\crMultiSwitch.cpp">
      <Filter>源文件</Filter>
    </ClCompile>
    <ClCompile Include="..\..\src\crcore\crNode.cpp">
      <Filter>源文件</Filter>
    </ClCompile>
    <ClCompile Include="..\..\src\crcore\crNodeCallback.cpp">
      <Filter>源文件</Filter>
    </ClCompile>
    <ClCompile Include="..\..\src\crcore\crNodeTrackerCallback.cpp">
      <Filter>源文件</Filter>
    </ClCompile>
    <ClCompile Include="..\..\src\crcore\crNodeVisitor.cpp">
      <Filter>源文件</Filter>
    </ClCompile>
    <ClCompile Include="..\..\src\crcore\crNotify.cpp">
      <Filter>源文件</Filter>
    </ClCompile>
    <ClCompile Include="..\..\src\crcore\crObject.cpp">
      <Filter>源文件</Filter>
    </ClCompile>
    <ClCompile Include="..\..\src\crcore\crOccluderNode.cpp">
      <Filter>源文件</Filter>
    </ClCompile>
    <ClCompile Include="..\..\src\crcore\crPagedLOD.cpp">
      <Filter>源文件</Filter>
    </ClCompile>
    <ClCompile Include="..\..\src\crcore\crPoint.cpp">
      <Filter>源文件</Filter>
    </ClCompile>
    <ClCompile Include="..\..\src\crcore\crPointSprite.cpp">
      <Filter>源文件</Filter>
    </ClCompile>
    <ClCompile Include="..\..\src\crcore\crPolygonMode.cpp">
      <Filter>源文件</Filter>
    </ClCompile>
    <ClCompile Include="..\..\src\crcore\crPolygonOffset.cpp">
      <Filter>源文件</Filter>
    </ClCompile>
    <ClCompile Include="..\..\src\crcore\crPolygonStipple.cpp">
      <Filter>源文件</Filter>
    </ClCompile>
    <ClCompile Include="..\..\src\crcore\crPositionAttitudeTransform.cpp">
      <Filter>源文件</Filter>
    </ClCompile>
    <ClCompile Include="..\..\src\crcore\crPrimitive.cpp">
      <Filter>源文件</Filter>
    </ClCompile>
    <ClCompile Include="..\..\src\crcore\crProgram.cpp">
      <Filter>源文件</Filter>
    </ClCompile>
    <ClCompile Include="..\..\src\crcore\crProjection.cpp">
      <Filter>源文件</Filter>
    </ClCompile>
    <ClCompile Include="..\..\src\crcore\crProxyNode.cpp">
      <Filter>源文件</Filter>
    </ClCompile>
    <ClCompile Include="..\..\src\crcore\crQuat.cpp">
      <Filter>源文件</Filter>
    </ClCompile>
    <ClCompile Include="..\..\src\crcore\crRenderToTexture.cpp">
      <Filter>源文件</Filter>
    </ClCompile>
    <ClCompile Include="..\..\src\crcore\crRenderToTextureManager.cpp">
      <Filter>源文件</Filter>
    </ClCompile>
    <ClCompile Include="..\..\src\crcore\crScissor.cpp">
      <Filter>源文件</Filter>
    </ClCompile>
    <ClCompile Include="..\..\src\crcore\crSearchNodeBYNameVisitor.cpp">
      <Filter>源文件</Filter>
    </ClCompile>
    <ClCompile Include="..\..\src\crcore\crSequence.cpp">
      <Filter>源文件</Filter>
    </ClCompile>
    <ClCompile Include="..\..\src\crcore\crShadeModel.cpp">
      <Filter>源文件</Filter>
    </ClCompile>
    <ClCompile Include="..\..\src\crcore\crShader.cpp">
      <Filter>源文件</Filter>
    </ClCompile>
    <ClCompile Include="..\..\src\crcore\crShaderManager.cpp">
      <Filter>源文件</Filter>
    </ClCompile>
    <ClCompile Include="..\..\src\crcore\crShadowVolumeOccluder.cpp">
      <Filter>源文件</Filter>
    </ClCompile>
    <ClCompile Include="..\..\src\crcore\crShape.cpp">
      <Filter>源文件</Filter>
    </ClCompile>
    <ClCompile Include="..\..\src\crcore\crShapeDrawable.cpp">
      <Filter>源文件</Filter>
    </ClCompile>
    <ClCompile Include="..\..\src\crcore\crState.cpp">
      <Filter>源文件</Filter>
    </ClCompile>
    <ClCompile Include="..\..\src\crcore\crStateAttribute.cpp">
      <Filter>源文件</Filter>
    </ClCompile>
    <ClCompile Include="..\..\src\crcore\crStateSet.cpp">
      <Filter>源文件</Filter>
    </ClCompile>
    <ClCompile Include="..\..\src\crcore\crStencil.cpp">
      <Filter>源文件</Filter>
    </ClCompile>
    <ClCompile Include="..\..\src\crcore\crStencilTwoSided.cpp">
      <Filter>源文件</Filter>
    </ClCompile>
    <ClCompile Include="..\..\src\crcore\crStreamBuf.cpp">
      <Filter>源文件</Filter>
    </ClCompile>
    <ClCompile Include="..\..\src\crcore\crSwitch.cpp">
      <Filter>源文件</Filter>
    </ClCompile>
    <ClCompile Include="..\..\src\crcore\crTexEnv.cpp">
      <Filter>源文件</Filter>
    </ClCompile>
    <ClCompile Include="..\..\src\crcore\crTexEnvCombine.cpp">
      <Filter>源文件</Filter>
    </ClCompile>
    <ClCompile Include="..\..\src\crcore\crTexEnvFilter.cpp">
      <Filter>源文件</Filter>
    </ClCompile>
    <ClCompile Include="..\..\src\crcore\crTexGen.cpp">
      <Filter>源文件</Filter>
    </ClCompile>
    <ClCompile Include="..\..\src\crcore\crTexGenNode.cpp">
      <Filter>源文件</Filter>
    </ClCompile>
    <ClCompile Include="..\..\src\crcore\crTexMat.cpp">
      <Filter>源文件</Filter>
    </ClCompile>
    <ClCompile Include="..\..\src\crcore\crTexture.cpp">
      <Filter>源文件</Filter>
    </ClCompile>
    <ClCompile Include="..\..\src\crcore\crTexture1D.cpp">
      <Filter>源文件</Filter>
    </ClCompile>
    <ClCompile Include="..\..\src\crcore\crTexture2D.cpp">
      <Filter>源文件</Filter>
    </ClCompile>
    <ClCompile Include="..\..\src\crcore\crTexture2DArray.cpp">
      <Filter>源文件</Filter>
    </ClCompile>
    <ClCompile Include="..\..\src\crcore\crTexture2DMultisample.cpp">
      <Filter>源文件</Filter>
    </ClCompile>
    <ClCompile Include="..\..\src\crcore\crTexture3D.cpp">
      <Filter>源文件</Filter>
    </ClCompile>
    <ClCompile Include="..\..\src\crcore\crTextureCubeMap.cpp">
      <Filter>源文件</Filter>
    </ClCompile>
    <ClCompile Include="..\..\src\crcore\crTextureRectangle.cpp">
      <Filter>源文件</Filter>
    </ClCompile>
    <ClCompile Include="..\..\src\crcore\crTimer.cpp">
      <Filter>源文件</Filter>
    </ClCompile>
    <ClCompile Include="..\..\src\crcore\crTransferFunction.cpp">
      <Filter>源文件</Filter>
    </ClCompile>
    <ClCompile Include="..\..\src\crcore\crTransform.cpp">
      <Filter>源文件</Filter>
    </ClCompile>
    <ClCompile Include="..\..\src\crcore\crTraverseStringNode.cpp">
      <Filter>源文件</Filter>
    </ClCompile>
    <ClCompile Include="..\..\src\crcore\crUniform.cpp">
      <Filter>源文件</Filter>
    </ClCompile>
    <ClCompile Include="..\..\src\crcore\crUniversalHandles.cpp">
      <Filter>源文件</Filter>
    </ClCompile>
    <ClCompile Include="..\..\src\crcore\crViewport.cpp">
      <Filter>源文件</Filter>
    </ClCompile>
    <ClCompile Include="..\..\src\crcore\crWidgetNode.cpp">
      <Filter>源文件</Filter>
    </ClCompile>
    <ClCompile Include="..\..\src\crcore\dxtctool.cpp">
      <Filter>源文件</Filter>
    </ClCompile>
    <ClCompile Include="..\..\include\crgl\GL2Extensions.cpp">
      <Filter>源文件</Filter>
    </ClCompile>
    <ClCompile Include="..\..\include\crgl\GLExtensions.cpp">
      <Filter>源文件</Filter>
    </ClCompile>
    <ClCompile Include="..\..\src\crcore\Referenced.cpp">
      <Filter>源文件</Filter>
    </ClCompile>
    <ClCompile Include="..\..\src\crcore\thread\crWIN32Condition.cpp">
      <Filter>源文件\thread</Filter>
    </ClCompile>
    <ClCompile Include="..\..\src\crcore\thread\crWin32Mutex.cpp">
      <Filter>源文件\thread</Filter>
    </ClCompile>
    <ClCompile Include="..\..\src\crcore\thread\crWin32Thread.cpp">
      <Filter>源文件\thread</Filter>
    </ClCompile>
    <ClCompile Include="..\..\src\crcore\thread\crWin32ThreadBarrier.cpp">
      <Filter>源文件\thread</Filter>
    </ClCompile>
    <ClCompile Include="..\..\src\crcore\crCalcNodeParentsMatrixVisitor.cpp">
      <Filter>源文件</Filter>
    </ClCompile>
    <ClCompile Include="..\..\src\crcore\thread\crCriticalMutex.cpp">
      <Filter>源文件\thread</Filter>
    </ClCompile>
    <ClCompile Include="..\..\src\crcore\crBlockDetectThread.cpp">
      <Filter>源文件</Filter>
    </ClCompile>
    <ClCompile Include="..\..\src\crcore\crStatistics.cpp">
      <Filter>源文件</Filter>
    </ClCompile>
    <ClCompile Include="..\..\src\crcore\crAudioStream.cpp">
      <Filter>源文件</Filter>
    </ClCompile>
    <ClCompile Include="..\..\src\crcore\crGuid.cpp">
      <Filter>源文件</Filter>
    </ClCompile>
  </ItemGroup>
  <ItemGroup>
    <ClInclude Include="..\..\src\crcore\crBlowFish.h">
      <Filter>源文件</Filter>
    </ClInclude>
    <ClInclude Include="..\..\src\crcore\crEndian.h">
      <Filter>源文件</Filter>
    </ClInclude>
    <ClInclude Include="..\..\src\crcore\thread\crHandleHolder.h">
      <Filter>源文件\thread</Filter>
    </ClInclude>
    <ClInclude Include="..\..\src\crcore\thread\crWin32BarrierPrivateData.h">
      <Filter>源文件\thread</Filter>
    </ClInclude>
    <ClInclude Include="..\..\src\crcore\thread\crWin32Condition.h">
      <Filter>源文件\thread</Filter>
    </ClInclude>
    <ClInclude Include="..\..\src\crcore\thread\crWin32ConditionPrivateData.h">
      <Filter>源文件\thread</Filter>
    </ClInclude>
    <ClInclude Include="..\..\src\crcore\thread\crWin32MutexPrivateData.h">
      <Filter>源文件\thread</Filter>
    </ClInclude>
    <ClInclude Include="..\..\src\crcore\thread\crWin32ThreadPrivateData.h">
      <Filter>源文件\thread</Filter>
    </ClInclude>
    <ClInclude Include="..\..\include\crcore\buffered_value.h">
      <Filter>头文件</Filter>
    </ClInclude>
    <ClInclude Include="..\..\include\crcore\crAITaskManager.h">
      <Filter>头文件</Filter>
    </ClInclude>
    <ClInclude Include="..\..\include\crcore\crAlphaFunc.h">
      <Filter>头文件</Filter>
    </ClInclude>
    <ClInclude Include="..\..\include\crcore\crAnimationPath.h">
      <Filter>头文件</Filter>
    </ClInclude>
    <ClInclude Include="..\..\include\crcore\crArgumentParser.h">
      <Filter>头文件</Filter>
    </ClInclude>
    <ClInclude Include="..\..\include\crcore\crArray.h">
      <Filter>头文件</Filter>
    </ClInclude>
    <ClInclude Include="..\..\include\crcore\crAutoTransform.h">
      <Filter>头文件</Filter>
    </ClInclude>
    <ClInclude Include="..\..\include\crcore\crBase.h">
      <Filter>头文件</Filter>
    </ClInclude>
    <ClInclude Include="..\..\include\crcore\crBillboard.h">
      <Filter>头文件</Filter>
    </ClInclude>
    <ClInclude Include="..\..\include\crcore\crBlendColor.h">
      <Filter>头文件</Filter>
    </ClInclude>
    <ClInclude Include="..\..\include\crcore\crBlendEquation.h">
      <Filter>头文件</Filter>
    </ClInclude>
    <ClInclude Include="..\..\include\crcore\crBlendFunc.h">
      <Filter>头文件</Filter>
    </ClInclude>
    <ClInclude Include="..\..\include\crcore\crBoundingBox.h">
      <Filter>头文件</Filter>
    </ClInclude>
    <ClInclude Include="..\..\include\crcore\crBoundingSphere.h">
      <Filter>头文件</Filter>
    </ClInclude>
    <ClInclude Include="..\..\include\crcore\crBoundsChecking.h">
      <Filter>头文件</Filter>
    </ClInclude>
    <ClInclude Include="..\..\include\crcore\crBrain.h">
      <Filter>头文件</Filter>
    </ClInclude>
    <ClInclude Include="..\..\include\crcore\crBufferObject.h">
      <Filter>头文件</Filter>
    </ClInclude>
    <ClInclude Include="..\..\include\crcore\crCameraNode.h">
      <Filter>头文件</Filter>
    </ClInclude>
    <ClInclude Include="..\..\include\crcore\crCameraView.h">
      <Filter>头文件</Filter>
    </ClInclude>
    <ClInclude Include="..\..\include\crcore\crClampColor.h">
      <Filter>头文件</Filter>
    </ClInclude>
    <ClInclude Include="..\..\include\crcore\crClearNode.h">
      <Filter>头文件</Filter>
    </ClInclude>
    <ClInclude Include="..\..\include\crcore\crClipNode.h">
      <Filter>头文件</Filter>
    </ClInclude>
    <ClInclude Include="..\..\include\crcore\crClipPlane.h">
      <Filter>头文件</Filter>
    </ClInclude>
    <ClInclude Include="..\..\include\crcore\crClusterCullingCallback.h">
      <Filter>头文件</Filter>
    </ClInclude>
    <ClInclude Include="..\..\include\crcore\crCollideCallback.h">
      <Filter>头文件</Filter>
    </ClInclude>
    <ClInclude Include="..\..\include\crcore\crColorMask.h">
      <Filter>头文件</Filter>
    </ClInclude>
    <ClInclude Include="..\..\include\crcore\crColorMatrix.h">
      <Filter>头文件</Filter>
    </ClInclude>
    <ClInclude Include="..\..\include\crcore\crConvexPlanarOccluder.h">
      <Filter>头文件</Filter>
    </ClInclude>
    <ClInclude Include="..\..\include\crcore\crConvexPlanarPolygon.h">
      <Filter>头文件</Filter>
    </ClInclude>
    <ClInclude Include="..\..\include\crcore\crCoordinateSystemNode.h">
      <Filter>头文件</Filter>
    </ClInclude>
    <ClInclude Include="..\..\include\crcore\crCopyOp.h">
      <Filter>头文件</Filter>
    </ClInclude>
    <ClInclude Include="..\..\include\crcore\crCullFace.h">
      <Filter>头文件</Filter>
    </ClInclude>
    <ClInclude Include="..\..\include\crcore\crCullingSet.h">
      <Filter>头文件</Filter>
    </ClInclude>
    <ClInclude Include="..\..\include\crcore\crCullSettings.h">
      <Filter>头文件</Filter>
    </ClInclude>
    <ClInclude Include="..\..\include\crcore\crCullStack.h">
      <Filter>头文件</Filter>
    </ClInclude>
    <ClInclude Include="..\..\include\crcore\crDataManager.h">
      <Filter>头文件</Filter>
    </ClInclude>
    <ClInclude Include="..\..\include\crcore\crDB.h">
      <Filter>头文件</Filter>
    </ClInclude>
    <ClInclude Include="..\..\include\crcore\crDepth.h">
      <Filter>头文件</Filter>
    </ClInclude>
    <ClInclude Include="..\..\include\crcore\crDisplaySettings.h">
      <Filter>头文件</Filter>
    </ClInclude>
    <ClInclude Include="..\..\include\crcore\crDOFTransform.h">
      <Filter>头文件</Filter>
    </ClInclude>
    <ClInclude Include="..\..\include\crcore\crDrawable.h">
      <Filter>头文件</Filter>
    </ClInclude>
    <ClInclude Include="..\..\include\crcore\crDrawPixels.h">
      <Filter>头文件</Filter>
    </ClInclude>
    <ClInclude Include="..\..\include\crcore\crEffectSequenceManager.h">
      <Filter>头文件</Filter>
    </ClInclude>
    <ClInclude Include="..\..\include\crcore\crEnvironmentManager.h">
      <Filter>头文件</Filter>
    </ClInclude>
    <ClInclude Include="..\..\include\crcore\crEventCallbackManager.h">
      <Filter>头文件</Filter>
    </ClInclude>
    <ClInclude Include="..\..\include\crcore\crEventGroup.h">
      <Filter>头文件</Filter>
    </ClInclude>
    <ClInclude Include="..\..\include\crcore\crEventMsg.h">
      <Filter>头文件</Filter>
    </ClInclude>
    <ClInclude Include="..\..\include\crcore\crEventMsgVisitor.h">
      <Filter>头文件</Filter>
    </ClInclude>
    <ClInclude Include="..\..\include\crcore\crExport.h">
      <Filter>头文件</Filter>
    </ClInclude>
    <ClInclude Include="..\..\include\crcore\crFilterRenderManager.h">
      <Filter>头文件</Filter>
    </ClInclude>
    <ClInclude Include="..\..\include\crcore\crFog.h">
      <Filter>头文件</Filter>
    </ClInclude>
    <ClInclude Include="..\..\include\crcore\crFrameBufferObject.h">
      <Filter>头文件</Filter>
    </ClInclude>
    <ClInclude Include="..\..\include\crcore\crFrameStamp.h">
      <Filter>头文件</Filter>
    </ClInclude>
    <ClInclude Include="..\..\include\crcore\crFrontFace.h">
      <Filter>头文件</Filter>
    </ClInclude>
    <ClInclude Include="..\..\include\crcore\crGeometry.h">
      <Filter>头文件</Filter>
    </ClInclude>
    <ClInclude Include="..\..\include\crcore\crGraphicsContext.h">
      <Filter>头文件</Filter>
    </ClInclude>
    <ClInclude Include="..\..\include\crcore\crGraphicsThread.h">
      <Filter>头文件</Filter>
    </ClInclude>
    <ClInclude Include="..\..\include\crcore\crGroup.h">
      <Filter>头文件</Filter>
    </ClInclude>
    <ClInclude Include="..\..\include\crcore\crHandleManager.h">
      <Filter>头文件</Filter>
    </ClInclude>
    <ClInclude Include="..\..\include\crcore\crHint.h">
      <Filter>头文件</Filter>
    </ClInclude>
    <ClInclude Include="..\..\include\crcore\crImage.h">
      <Filter>头文件</Filter>
    </ClInclude>
    <ClInclude Include="..\..\include\crcore\crImageSequence.h">
      <Filter>头文件</Filter>
    </ClInclude>
    <ClInclude Include="..\..\include\crcore\crImageStream.h">
      <Filter>头文件</Filter>
    </ClInclude>
    <ClInclude Include="..\..\include\crcore\crImageUtils.h">
      <Filter>头文件</Filter>
    </ClInclude>
    <ClInclude Include="..\..\include\crcore\crIntersectVisitor.h">
      <Filter>头文件</Filter>
    </ClInclude>
    <ClInclude Include="..\..\include\crcore\crKdTree.h">
      <Filter>头文件</Filter>
    </ClInclude>
    <ClInclude Include="..\..\include\crcore\crLight.h">
      <Filter>头文件</Filter>
    </ClInclude>
    <ClInclude Include="..\..\include\crcore\crLightModel.h">
      <Filter>头文件</Filter>
    </ClInclude>
    <ClInclude Include="..\..\include\crcore\crLightSource.h">
      <Filter>头文件</Filter>
    </ClInclude>
    <ClInclude Include="..\..\include\crcore\crLightSourceManager.h">
      <Filter>头文件</Filter>
    </ClInclude>
    <ClInclude Include="..\..\include\crcore\crLineSegment.h">
      <Filter>头文件</Filter>
    </ClInclude>
    <ClInclude Include="..\..\include\crcore\crLineStipple.h">
      <Filter>头文件</Filter>
    </ClInclude>
    <ClInclude Include="..\..\include\crcore\crLineWidth.h">
      <Filter>头文件</Filter>
    </ClInclude>
    <ClInclude Include="..\..\include\crcore\crLod.h">
      <Filter>头文件</Filter>
    </ClInclude>
    <ClInclude Include="..\..\include\crcore\crLogicOp.h">
      <Filter>头文件</Filter>
    </ClInclude>
    <ClInclude Include="..\..\include\crcore\crMaterial.h">
      <Filter>头文件</Filter>
    </ClInclude>
    <ClInclude Include="..\..\include\crcore\crMaterialStateSetManager.h">
      <Filter>头文件</Filter>
    </ClInclude>
    <ClInclude Include="..\..\include\crcore\crMath.h">
      <Filter>头文件</Filter>
    </ClInclude>
    <ClInclude Include="..\..\include\crcore\crMatrix.h">
      <Filter>头文件</Filter>
    </ClInclude>
    <ClInclude Include="..\..\include\crcore\crMatrixd.h">
      <Filter>头文件</Filter>
    </ClInclude>
    <ClInclude Include="..\..\include\crcore\crMatrixf.h">
      <Filter>头文件</Filter>
    </ClInclude>
    <ClInclude Include="..\..\include\crcore\crMatrixTransform.h">
      <Filter>头文件</Filter>
    </ClInclude>
    <ClInclude Include="..\..\include\crcore\crMultisample.h">
      <Filter>头文件</Filter>
    </ClInclude>
    <ClInclude Include="..\..\include\crcore\crMultiSwitch.h">
      <Filter>头文件</Filter>
    </ClInclude>
    <ClInclude Include="..\..\include\crcore\crNode.h">
      <Filter>头文件</Filter>
    </ClInclude>
    <ClInclude Include="..\..\include\crcore\crNodeCallback.h">
      <Filter>头文件</Filter>
    </ClInclude>
    <ClInclude Include="..\..\include\crcore\crNodeTrackerCallback.h">
      <Filter>头文件</Filter>
    </ClInclude>
    <ClInclude Include="..\..\include\crcore\crNodeVisitor.h">
      <Filter>头文件</Filter>
    </ClInclude>
    <ClInclude Include="..\..\include\crcore\crNotify.h">
      <Filter>头文件</Filter>
    </ClInclude>
    <ClInclude Include="..\..\include\crcore\crObject.h">
      <Filter>头文件</Filter>
    </ClInclude>
    <ClInclude Include="..\..\include\crcore\crOccluderNode.h">
      <Filter>头文件</Filter>
    </ClInclude>
    <ClInclude Include="..\..\include\crcore\crPagedLOD.h">
      <Filter>头文件</Filter>
    </ClInclude>
    <ClInclude Include="..\..\include\crcore\crPlane.h">
      <Filter>头文件</Filter>
    </ClInclude>
    <ClInclude Include="..\..\include\crcore\crPoint.h">
      <Filter>头文件</Filter>
    </ClInclude>
    <ClInclude Include="..\..\include\crcore\crPointSprite.h">
      <Filter>头文件</Filter>
    </ClInclude>
    <ClInclude Include="..\..\include\crcore\crPolygonMode.h">
      <Filter>头文件</Filter>
    </ClInclude>
    <ClInclude Include="..\..\include\crcore\crPolygonOffset.h">
      <Filter>头文件</Filter>
    </ClInclude>
    <ClInclude Include="..\..\include\crcore\crPolygonStipple.h">
      <Filter>头文件</Filter>
    </ClInclude>
    <ClInclude Include="..\..\include\crcore\crPolytope.h">
      <Filter>头文件</Filter>
    </ClInclude>
    <ClInclude Include="..\..\include\crcore\crPositionAttitudeTransform.h">
      <Filter>头文件</Filter>
    </ClInclude>
    <ClInclude Include="..\..\include\crcore\crPrimitive.h">
      <Filter>头文件</Filter>
    </ClInclude>
    <ClInclude Include="..\..\include\crcore\crProgram.h">
      <Filter>头文件</Filter>
    </ClInclude>
    <ClInclude Include="..\..\include\crcore\crProjection.h">
      <Filter>头文件</Filter>
    </ClInclude>
    <ClInclude Include="..\..\include\crcore\crProxyNode.h">
      <Filter>头文件</Filter>
    </ClInclude>
    <ClInclude Include="..\..\include\crcore\crQuat.h">
      <Filter>头文件</Filter>
    </ClInclude>
    <ClInclude Include="..\..\include\crcore\crRange.h">
      <Filter>头文件</Filter>
    </ClInclude>
    <ClInclude Include="..\..\include\crcore\crRenderToTexture.h">
      <Filter>头文件</Filter>
    </ClInclude>
    <ClInclude Include="..\..\include\crcore\crRenderToTextureManager.h">
      <Filter>头文件</Filter>
    </ClInclude>
    <ClInclude Include="..\..\include\crcore\crScissor.h">
      <Filter>头文件</Filter>
    </ClInclude>
    <ClInclude Include="..\..\include\crcore\crSearchNodeBYNameVisitor.h">
      <Filter>头文件</Filter>
    </ClInclude>
    <ClInclude Include="..\..\include\crcore\crSequence.h">
      <Filter>头文件</Filter>
    </ClInclude>
    <ClInclude Include="..\..\include\crcore\crShadeModel.h">
      <Filter>头文件</Filter>
    </ClInclude>
    <ClInclude Include="..\..\include\crcore\crShader.h">
      <Filter>头文件</Filter>
    </ClInclude>
    <ClInclude Include="..\..\include\crcore\crShaderManager.h">
      <Filter>头文件</Filter>
    </ClInclude>
    <ClInclude Include="..\..\include\crcore\crShadowVolumeOccluder.h">
      <Filter>头文件</Filter>
    </ClInclude>
    <ClInclude Include="..\..\include\crcore\crShape.h">
      <Filter>头文件</Filter>
    </ClInclude>
    <ClInclude Include="..\..\include\crcore\crShapeDrawable.h">
      <Filter>头文件</Filter>
    </ClInclude>
    <ClInclude Include="..\..\include\crcore\crState.h">
      <Filter>头文件</Filter>
    </ClInclude>
    <ClInclude Include="..\..\include\crcore\crStateAttribute.h">
      <Filter>头文件</Filter>
    </ClInclude>
    <ClInclude Include="..\..\include\crcore\crStateSet.h">
      <Filter>头文件</Filter>
    </ClInclude>
    <ClInclude Include="..\..\include\crcore\crStencil.h">
      <Filter>头文件</Filter>
    </ClInclude>
    <ClInclude Include="..\..\include\crcore\crStencilTwoSided.h">
      <Filter>头文件</Filter>
    </ClInclude>
    <ClInclude Include="..\..\include\crcore\crStreamBuf.h">
      <Filter>头文件</Filter>
    </ClInclude>
    <ClInclude Include="..\..\include\crcore\crSwitch.h">
      <Filter>头文件</Filter>
    </ClInclude>
    <ClInclude Include="..\..\include\crcore\crTexEnv.h">
      <Filter>头文件</Filter>
    </ClInclude>
    <ClInclude Include="..\..\include\crcore\crTexEnvCombine.h">
      <Filter>头文件</Filter>
    </ClInclude>
    <ClInclude Include="..\..\include\crcore\crTexEnvFilter.h">
      <Filter>头文件</Filter>
    </ClInclude>
    <ClInclude Include="..\..\include\crcore\crTexGen.h">
      <Filter>头文件</Filter>
    </ClInclude>
    <ClInclude Include="..\..\include\crcore\crTexGenNode.h">
      <Filter>头文件</Filter>
    </ClInclude>
    <ClInclude Include="..\..\include\crcore\crTexMat.h">
      <Filter>头文件</Filter>
    </ClInclude>
    <ClInclude Include="..\..\include\crcore\crTexture.h">
      <Filter>头文件</Filter>
    </ClInclude>
    <ClInclude Include="..\..\include\crcore\crTexture1D.h">
      <Filter>头文件</Filter>
    </ClInclude>
    <ClInclude Include="..\..\include\crcore\crTexture2D.h">
      <Filter>头文件</Filter>
    </ClInclude>
    <ClInclude Include="..\..\include\crcore\crTexture2DArray.h">
      <Filter>头文件</Filter>
    </ClInclude>
    <ClInclude Include="..\..\include\crcore\crTexture2DMultisample.h">
      <Filter>头文件</Filter>
    </ClInclude>
    <ClInclude Include="..\..\include\crcore\crTexture3D.h">
      <Filter>头文件</Filter>
    </ClInclude>
    <ClInclude Include="..\..\include\crcore\crTextureCubeMap.h">
      <Filter>头文件</Filter>
    </ClInclude>
    <ClInclude Include="..\..\include\crcore\crTextureRectangle.h">
      <Filter>头文件</Filter>
    </ClInclude>
    <ClInclude Include="..\..\include\crcore\crTimer.h">
      <Filter>头文件</Filter>
    </ClInclude>
    <ClInclude Include="..\..\include\crcore\crTransferFunction.h">
      <Filter>头文件</Filter>
    </ClInclude>
    <ClInclude Include="..\..\include\crcore\crTransform.h">
      <Filter>头文件</Filter>
    </ClInclude>
    <ClInclude Include="..\..\include\crcore\crTraverseStringNode.h">
      <Filter>头文件</Filter>
    </ClInclude>
    <ClInclude Include="..\..\include\crcore\crTriangleFunctor.h">
      <Filter>头文件</Filter>
    </ClInclude>
    <ClInclude Include="..\..\include\crcore\crTriangleIndexFunctor.h">
      <Filter>头文件</Filter>
    </ClInclude>
    <ClInclude Include="..\..\include\crcore\crUniform.h">
      <Filter>头文件</Filter>
    </ClInclude>
    <ClInclude Include="..\..\include\crcore\crUniversalHandles.h">
      <Filter>头文件</Filter>
    </ClInclude>
    <ClInclude Include="..\..\include\crcore\crVector2.h">
      <Filter>头文件</Filter>
    </ClInclude>
    <ClInclude Include="..\..\include\crcore\crVector3.h">
      <Filter>头文件</Filter>
    </ClInclude>
    <ClInclude Include="..\..\include\crcore\crVector4.h">
      <Filter>头文件</Filter>
    </ClInclude>
    <ClInclude Include="..\..\include\crcore\crViewport.h">
      <Filter>头文件</Filter>
    </ClInclude>
    <ClInclude Include="..\..\include\crcore\crWchMsg.h">
      <Filter>头文件</Filter>
    </ClInclude>
    <ClInclude Include="..\..\include\crcore\crWidgetNode.h">
      <Filter>头文件</Filter>
    </ClInclude>
    <ClInclude Include="..\..\include\crcore\dxtctool.h">
      <Filter>头文件</Filter>
    </ClInclude>
    <ClInclude Include="..\..\include\crcore\fast_back_stack.h">
      <Filter>头文件</Filter>
    </ClInclude>
    <ClInclude Include="..\..\include\crgl\GL2Extensions.h">
      <Filter>头文件</Filter>
    </ClInclude>
    <ClInclude Include="..\..\include\crgl\GLExtensions.h">
      <Filter>头文件</Filter>
    </ClInclude>
    <ClInclude Include="..\..\include\crcore\io_utils.h">
      <Filter>头文件</Filter>
    </ClInclude>
    <ClInclude Include="..\..\include\crcore\ref_ptr.h">
      <Filter>头文件</Filter>
    </ClInclude>
    <ClInclude Include="..\..\include\crcore\Referenced.h">
      <Filter>头文件</Filter>
    </ClInclude>
    <ClInclude Include="..\..\include\crcore\RefNodePath.h">
      <Filter>头文件</Filter>
    </ClInclude>
    <ClInclude Include="..\..\include\crcore\thread\crBarrier.h">
      <Filter>头文件\thread</Filter>
    </ClInclude>
    <ClInclude Include="..\..\include\crcore\thread\crCondition.h">
      <Filter>头文件\thread</Filter>
    </ClInclude>
    <ClInclude Include="..\..\include\crcore\thread\crMutex.h">
      <Filter>头文件\thread</Filter>
    </ClInclude>
    <ClInclude Include="..\..\include\crcore\thread\crScopedLock.h">
      <Filter>头文件\thread</Filter>
    </ClInclude>
    <ClInclude Include="..\..\include\crcore\thread\crThread.h">
      <Filter>头文件\thread</Filter>
    </ClInclude>
    <ClInclude Include="..\..\src\Driver\GLDrv\crAlphaFuncDrv.h">
      <Filter>Driver\GLDrv</Filter>
    </ClInclude>
    <ClInclude Include="..\..\src\Driver\GLDrv\crClipPlaneDrv.h">
      <Filter>Driver\GLDrv</Filter>
    </ClInclude>
    <ClInclude Include="..\..\src\Driver\GLDrv\crColorMaskDrv.h">
      <Filter>Driver\GLDrv</Filter>
    </ClInclude>
    <ClInclude Include="..\..\src\Driver\GLDrv\crColorMatrixDrv.h">
      <Filter>Driver\GLDrv</Filter>
    </ClInclude>
    <ClInclude Include="..\..\src\Driver\GLDrv\crCullFaceDrv.h">
      <Filter>Driver\GLDrv</Filter>
    </ClInclude>
    <ClInclude Include="..\..\src\Driver\GLDrv\crDepthDrv.h">
      <Filter>Driver\GLDrv</Filter>
    </ClInclude>
    <ClInclude Include="..\..\src\Driver\GLDrv\crDrawableDrv.h">
      <Filter>Driver\GLDrv</Filter>
    </ClInclude>
    <ClInclude Include="..\..\src\Driver\GLDrv\crFogDrv.h">
      <Filter>Driver\GLDrv</Filter>
    </ClInclude>
    <ClInclude Include="..\..\src\Driver\GLDrv\crFrontFaceDrv.h">
      <Filter>Driver\GLDrv</Filter>
    </ClInclude>
    <ClInclude Include="..\..\src\Driver\GLDrv\crGeometryDrv.h">
      <Filter>Driver\GLDrv</Filter>
    </ClInclude>
    <ClInclude Include="..\..\src\Driver\GLDrv\crHintDrv.h">
      <Filter>Driver\GLDrv</Filter>
    </ClInclude>
    <ClInclude Include="..\..\src\Driver\GLDrv\crLightDrv.h">
      <Filter>Driver\GLDrv</Filter>
    </ClInclude>
    <ClInclude Include="..\..\src\Driver\GLDrv\crLightModelDrv.h">
      <Filter>Driver\GLDrv</Filter>
    </ClInclude>
    <ClInclude Include="..\..\src\Driver\GLDrv\crLineStippleDrv.h">
      <Filter>Driver\GLDrv</Filter>
    </ClInclude>
    <ClInclude Include="..\..\src\Driver\GLDrv\crLineWidthDrv.h">
      <Filter>Driver\GLDrv</Filter>
    </ClInclude>
    <ClInclude Include="..\..\src\Driver\GLDrv\crLogicOpDrv.h">
      <Filter>Driver\GLDrv</Filter>
    </ClInclude>
    <ClInclude Include="..\..\src\Driver\GLDrv\crMaterialDrv.h">
      <Filter>Driver\GLDrv</Filter>
    </ClInclude>
    <ClInclude Include="..\..\src\Driver\GLDrv\crPointDrv.h">
      <Filter>Driver\GLDrv</Filter>
    </ClInclude>
    <ClInclude Include="..\..\src\Driver\GLDrv\crPointSpriteDrv.h">
      <Filter>Driver\GLDrv</Filter>
    </ClInclude>
    <ClInclude Include="..\..\src\Driver\GLDrv\crPolygonModeDrv.h">
      <Filter>Driver\GLDrv</Filter>
    </ClInclude>
    <ClInclude Include="..\..\src\Driver\GLDrv\crPolygonOffsetDrv.h">
      <Filter>Driver\GLDrv</Filter>
    </ClInclude>
    <ClInclude Include="..\..\src\Driver\GLDrv\crPolygonStippleDrv.h">
      <Filter>Driver\GLDrv</Filter>
    </ClInclude>
    <ClInclude Include="..\..\src\Driver\GLDrv\crPrimitiveDrv.h">
      <Filter>Driver\GLDrv</Filter>
    </ClInclude>
    <ClInclude Include="..\..\src\Driver\GLDrv\crSceneViewDrv.h">
      <Filter>Driver\GLDrv</Filter>
    </ClInclude>
    <ClInclude Include="..\..\src\Driver\GLDrv\crShadeModelDrv.h">
      <Filter>Driver\GLDrv</Filter>
    </ClInclude>
    <ClInclude Include="..\..\src\Driver\GLDrv\crShapeDrawableDrv.h">
      <Filter>Driver\GLDrv</Filter>
    </ClInclude>
    <ClInclude Include="..\..\src\Driver\GLDrv\crStateDrv.h">
      <Filter>Driver\GLDrv</Filter>
    </ClInclude>
    <ClInclude Include="..\..\src\Driver\GLDrv\crStencilDrv.h">
      <Filter>Driver\GLDrv</Filter>
    </ClInclude>
    <ClInclude Include="..\..\src\Driver\GLDrv\crTexEnvCombineDrv.h">
      <Filter>Driver\GLDrv</Filter>
    </ClInclude>
    <ClInclude Include="..\..\src\Driver\GLDrv\crTexEnvDrv.h">
      <Filter>Driver\GLDrv</Filter>
    </ClInclude>
    <ClInclude Include="..\..\src\Driver\GLDrv\crTexEnvFilterDrv.h">
      <Filter>Driver\GLDrv</Filter>
    </ClInclude>
    <ClInclude Include="..\..\src\Driver\GLDrv\crTexGenDrv.h">
      <Filter>Driver\GLDrv</Filter>
    </ClInclude>
    <ClInclude Include="..\..\src\Driver\GLDrv\crTexMatDrv.h">
      <Filter>Driver\GLDrv</Filter>
    </ClInclude>
    <ClInclude Include="..\..\src\Driver\GLDrv\crViewPortDrv.h">
      <Filter>Driver\GLDrv</Filter>
    </ClInclude>
    <ClInclude Include="..\..\include\crcore\crCalcNodeParentsMatrixVisitor.h">
      <Filter>头文件</Filter>
    </ClInclude>
    <ClInclude Include="..\..\include\crcore\thread\crCriticalMutex.h">
      <Filter>头文件\thread</Filter>
    </ClInclude>
    <ClInclude Include="..\..\include\crcore\crBlockDetectThread.h">
      <Filter>头文件</Filter>
    </ClInclude>
    <ClInclude Include="..\..\include\crcore\crStatistics.h">
      <Filter>头文件</Filter>
    </ClInclude>
    <ClInclude Include="..\..\include\crcore\crAudioStream.h">
      <Filter>头文件</Filter>
    </ClInclude>
    <ClInclude Include="..\..\include\crcore\crGuid.h">
      <Filter>头文件</Filter>
    </ClInclude>
  </ItemGroup>
</Project>