Microsoft Visual Studio Solution File, Format Version 12.00
# Visual Studio 2010
Project("{8BC9CEB8-8B4A-11D0-8D11-00A0C91BC942}") = "Build_Everything", "Build_Everything.vcxproj", "{24DBC20C-ABEF-447F-881E-B7203BABACAA}"
EndProject
Project("{8BC9CEB8-8B4A-11D0-8D11-00A0C91BC942}") = "HawkNL", "HawkNL.vcxproj", "{50B1B551-BC12-46A6-A1E9-AE38B6084DAE}"
EndProject
Project("{8BC9CEB8-8B4A-11D0-8D11-00A0C91BC942}") = "HawkNL_static", "HawkNL_static.vcxproj", "{14424124-EADA-4E04-A46B-96F698CFDB33}"
EndProject
Project("{8BC9CEB8-8B4A-11D0-8D11-00A0C91BC942}") = "Test_async", "Test_async.vcxproj", "{1D5C4887-02D4-44E7-A404-8B383D60D5D1}"
EndProject
Project("{8BC9CEB8-8B4A-11D0-8D11-00A0C91BC942}") = "Test_broadcast", "Test_broadcast.vcxproj", "{7A083805-302A-43AA-A5D3-9A59DE6ED066}"
EndProject
Project("{8BC9CEB8-8B4A-11D0-8D11-00A0C91BC942}") = "Test_buffer", "Test_buffer.vcxproj", "{9E3BDEA9-B332-4CC0-92E0-E5529B0FA89F}"
EndProject
Project("{8BC9CEB8-8B4A-11D0-8D11-00A0C91BC942}") = "Test_clientserver", "Test_clientserver.vcxproj", "{291C3E8A-D25E-41D7-AC13-9418EEC65738}"
EndProject
Project("{8BC9CEB8-8B4A-11D0-8D11-00A0C91BC942}") = "Test_getfile", "Test_getfile.vcxproj", "{39408678-46A7-4460-9AE3-B2A3D12201E4}"
EndProject
Project("{8BC9CEB8-8B4A-11D0-8D11-00A0C91BC942}") = "Test_max", "Test_max.vcxproj", "{F64C8CF7-DB76-4160-B7F5-C056F08E0DF6}"
EndProject
Project("{8BC9CEB8-8B4A-11D0-8D11-00A0C91BC942}") = "Test_multicast", "Test_multicast.vcxproj", "{7405F777-B090-4F7C-9E3C-9AA9E6EF35ED}"
EndProject
Project("{8BC9CEB8-8B4A-11D0-8D11-00A0C91BC942}") = "Test_overrun", "Test_overrun.vcxproj", "{F8BDAC67-6EA7-43EC-97F2-D61D1ED0D455}"
EndProject
Project("{8BC9CEB8-8B4A-11D0-8D11-00A0C91BC942}") = "Test_thread_pool", "Test_thread_pool.vcxproj", "{8B2483F6-C1CA-447F-9452-1BB3B7710276}"
EndProject
Project("{8BC9CEB8-8B4A-11D0-8D11-00A0C91BC942}") = "Test_timer", "Test_timer.vcxproj", "{94B67C72-F323-496E-8A92-EA3D8172D317}"
EndProject
Global
	GlobalSection(SolutionConfigurationPlatforms) = preSolution
		Debug|Win32 = Debug|Win32
		Debug|x64 = Debug|x64
		Release|Win32 = Release|Win32
		Release|x64 = Release|x64
	EndGlobalSection
	GlobalSection(ProjectConfigurationPlatforms) = postSolution
		{24DBC20C-ABEF-447F-881E-B7203BABACAA}.Debug|Win32.ActiveCfg = Debug|Win32
		{24DBC20C-ABEF-447F-881E-B7203BABACAA}.Debug|Win32.Build.0 = Debug|Win32
		{24DBC20C-ABEF-447F-881E-B7203BABACAA}.Debug|x64.ActiveCfg = Debug|x64
		{24DBC20C-ABEF-447F-881E-B7203BABACAA}.Debug|x64.Build.0 = Debug|x64
		{24DBC20C-ABEF-447F-881E-B7203BABACAA}.Release|Win32.ActiveCfg = Release|Win32
		{24DBC20C-ABEF-447F-881E-B7203BABACAA}.Release|Win32.Build.0 = Release|Win32
		{24DBC20C-ABEF-447F-881E-B7203BABACAA}.Release|x64.ActiveCfg = Release|x64
		{24DBC20C-ABEF-447F-881E-B7203BABACAA}.Release|x64.Build.0 = Release|x64
		{50B1B551-BC12-46A6-A1E9-AE38B6084DAE}.Debug|Win32.ActiveCfg = Debug|Win32
		{50B1B551-BC12-46A6-A1E9-AE38B6084DAE}.Debug|Win32.Build.0 = Debug|Win32
		{50B1B551-BC12-46A6-A1E9-AE38B6084DAE}.Debug|x64.ActiveCfg = Debug|x64
		{50B1B551-BC12-46A6-A1E9-AE38B6084DAE}.Debug|x64.Build.0 = Debug|x64
		{50B1B551-BC12-46A6-A1E9-AE38B6084DAE}.Debug|x64.Build.2 = SSDRelease_Console|x64
		{50B1B551-BC12-46A6-A1E9-AE38B6084DAE}.Debug|x64.Build.4 = JXJRelease|x64
		{50B1B551-BC12-46A6-A1E9-AE38B6084DAE}.Release|Win32.ActiveCfg = Release|Win32
		{50B1B551-BC12-46A6-A1E9-AE38B6084DAE}.Release|Win32.Build.0 = Release|Win32
		{50B1B551-BC12-46A6-A1E9-AE38B6084DAE}.Release|x64.ActiveCfg = Release|x64
		{50B1B551-BC12-46A6-A1E9-AE38B6084DAE}.Release|x64.Build.0 = Release|x64
		{14424124-EADA-4E04-A46B-96F698CFDB33}.Debug|Win32.ActiveCfg = Debug|Win32
		{14424124-EADA-4E04-A46B-96F698CFDB33}.Debug|Win32.Build.0 = Debug|Win32
		{14424124-EADA-4E04-A46B-96F698CFDB33}.Debug|x64.ActiveCfg = Debug|x64
		{14424124-EADA-4E04-A46B-96F698CFDB33}.Debug|x64.Build.0 = Debug|x64
		{14424124-EADA-4E04-A46B-96F698CFDB33}.Release|Win32.ActiveCfg = Release|Win32
		{14424124-EADA-4E04-A46B-96F698CFDB33}.Release|Win32.Build.0 = Release|Win32
		{14424124-EADA-4E04-A46B-96F698CFDB33}.Release|x64.ActiveCfg = Release|x64
		{14424124-EADA-4E04-A46B-96F698CFDB33}.Release|x64.Build.0 = Release|x64
		{1D5C4887-02D4-44E7-A404-8B383D60D5D1}.Debug|Win32.ActiveCfg = Debug|Win32
		{1D5C4887-02D4-44E7-A404-8B383D60D5D1}.Debug|Win32.Build.0 = Debug|Win32
		{1D5C4887-02D4-44E7-A404-8B383D60D5D1}.Debug|x64.ActiveCfg = Debug|x64
		{1D5C4887-02D4-44E7-A404-8B383D60D5D1}.Debug|x64.Build.0 = Debug|x64
		{1D5C4887-02D4-44E7-A404-8B383D60D5D1}.Release|Win32.ActiveCfg = Release|Win32
		{1D5C4887-02D4-44E7-A404-8B383D60D5D1}.Release|Win32.Build.0 = Release|Win32
		{1D5C4887-02D4-44E7-A404-8B383D60D5D1}.Release|x64.ActiveCfg = Release|x64
		{1D5C4887-02D4-44E7-A404-8B383D60D5D1}.Release|x64.Build.0 = Release|x64
		{7A083805-302A-43AA-A5D3-9A59DE6ED066}.Debug|Win32.ActiveCfg = Debug|Win32
		{7A083805-302A-43AA-A5D3-9A59DE6ED066}.Debug|Win32.Build.0 = Debug|Win32
		{7A083805-302A-43AA-A5D3-9A59DE6ED066}.Debug|x64.ActiveCfg = Debug|x64
		{7A083805-302A-43AA-A5D3-9A59DE6ED066}.Debug|x64.Build.0 = Debug|x64
		{7A083805-302A-43AA-A5D3-9A59DE6ED066}.Release|Win32.ActiveCfg = Release|Win32
		{7A083805-302A-43AA-A5D3-9A59DE6ED066}.Release|Win32.Build.0 = Release|Win32
		{7A083805-302A-43AA-A5D3-9A59DE6ED066}.Release|x64.ActiveCfg = Release|x64
		{7A083805-302A-43AA-A5D3-9A59DE6ED066}.Release|x64.Build.0 = Release|x64
		{9E3BDEA9-B332-4CC0-92E0-E5529B0FA89F}.Debug|Win32.ActiveCfg = Debug|Win32
		{9E3BDEA9-B332-4CC0-92E0-E5529B0FA89F}.Debug|Win32.Build.0 = Debug|Win32
		{9E3BDEA9-B332-4CC0-92E0-E5529B0FA89F}.Debug|x64.ActiveCfg = Debug|x64
		{9E3BDEA9-B332-4CC0-92E0-E5529B0FA89F}.Debug|x64.Build.0 = Debug|x64
		{9E3BDEA9-B332-4CC0-92E0-E5529B0FA89F}.Release|Win32.ActiveCfg = Release|Win32
		{9E3BDEA9-B332-4CC0-92E0-E5529B0FA89F}.Release|Win32.Build.0 = Release|Win32
		{9E3BDEA9-B332-4CC0-92E0-E5529B0FA89F}.Release|x64.ActiveCfg = Release|x64
		{9E3BDEA9-B332-4CC0-92E0-E5529B0FA89F}.Release|x64.Build.0 = Release|x64
		{291C3E8A-D25E-41D7-AC13-9418EEC65738}.Debug|Win32.ActiveCfg = Debug|Win32
		{291C3E8A-D25E-41D7-AC13-9418EEC65738}.Debug|Win32.Build.0 = Debug|Win32
		{291C3E8A-D25E-41D7-AC13-9418EEC65738}.Debug|x64.ActiveCfg = Debug|x64
		{291C3E8A-D25E-41D7-AC13-9418EEC65738}.Debug|x64.Build.0 = Debug|x64
		{291C3E8A-D25E-41D7-AC13-9418EEC65738}.Release|Win32.ActiveCfg = Release|Win32
		{291C3E8A-D25E-41D7-AC13-9418EEC65738}.Release|Win32.Build.0 = Release|Win32
		{291C3E8A-D25E-41D7-AC13-9418EEC65738}.Release|x64.ActiveCfg = Release|x64
		{291C3E8A-D25E-41D7-AC13-9418EEC65738}.Release|x64.Build.0 = Release|x64
		{39408678-46A7-4460-9AE3-B2A3D12201E4}.Debug|Win32.ActiveCfg = Debug|Win32
		{39408678-46A7-4460-9AE3-B2A3D12201E4}.Debug|Win32.Build.0 = Debug|Win32
		{39408678-46A7-4460-9AE3-B2A3D12201E4}.Debug|x64.ActiveCfg = Debug|x64
		{39408678-46A7-4460-9AE3-B2A3D12201E4}.Debug|x64.Build.0 = Debug|x64
		{39408678-46A7-4460-9AE3-B2A3D12201E4}.Release|Win32.ActiveCfg = Release|Win32
		{39408678-46A7-4460-9AE3-B2A3D12201E4}.Release|Win32.Build.0 = Release|Win32
		{39408678-46A7-4460-9AE3-B2A3D12201E4}.Release|x64.ActiveCfg = Release|x64
		{39408678-46A7-4460-9AE3-B2A3D12201E4}.Release|x64.Build.0 = Release|x64
		{F64C8CF7-DB76-4160-B7F5-C056F08E0DF6}.Debug|Win32.ActiveCfg = Debug|Win32
		{F64C8CF7-DB76-4160-B7F5-C056F08E0DF6}.Debug|Win32.Build.0 = Debug|Win32
		{F64C8CF7-DB76-4160-B7F5-C056F08E0DF6}.Debug|x64.ActiveCfg = Debug|x64
		{F64C8CF7-DB76-4160-B7F5-C056F08E0DF6}.Debug|x64.Build.0 = Debug|x64
		{F64C8CF7-DB76-4160-B7F5-C056F08E0DF6}.Release|Win32.ActiveCfg = Release|Win32
		{F64C8CF7-DB76-4160-B7F5-C056F08E0DF6}.Release|Win32.Build.0 = Release|Win32
		{F64C8CF7-DB76-4160-B7F5-C056F08E0DF6}.Release|x64.ActiveCfg = Release|x64
		{F64C8CF7-DB76-4160-B7F5-C056F08E0DF6}.Release|x64.Build.0 = Release|x64
		{7405F777-B090-4F7C-9E3C-9AA9E6EF35ED}.Debug|Win32.ActiveCfg = Debug|Win32
		{7405F777-B090-4F7C-9E3C-9AA9E6EF35ED}.Debug|Win32.Build.0 = Debug|Win32
		{7405F777-B090-4F7C-9E3C-9AA9E6EF35ED}.Debug|x64.ActiveCfg = Debug|x64
		{7405F777-B090-4F7C-9E3C-9AA9E6EF35ED}.Debug|x64.Build.0 = Debug|x64
		{7405F777-B090-4F7C-9E3C-9AA9E6EF35ED}.Release|Win32.ActiveCfg = Release|Win32
		{7405F777-B090-4F7C-9E3C-9AA9E6EF35ED}.Release|Win32.Build.0 = Release|Win32
		{7405F777-B090-4F7C-9E3C-9AA9E6EF35ED}.Release|x64.ActiveCfg = Release|x64
		{7405F777-B090-4F7C-9E3C-9AA9E6EF35ED}.Release|x64.Build.0 = Release|x64
		{F8BDAC67-6EA7-43EC-97F2-D61D1ED0D455}.Debug|Win32.ActiveCfg = Debug|Win32
		{F8BDAC67-6EA7-43EC-97F2-D61D1ED0D455}.Debug|Win32.Build.0 = Debug|Win32
		{F8BDAC67-6EA7-43EC-97F2-D61D1ED0D455}.Debug|x64.ActiveCfg = Debug|x64
		{F8BDAC67-6EA7-43EC-97F2-D61D1ED0D455}.Debug|x64.Build.0 = Debug|x64
		{F8BDAC67-6EA7-43EC-97F2-D61D1ED0D455}.Release|Win32.ActiveCfg = Release|Win32
		{F8BDAC67-6EA7-43EC-97F2-D61D1ED0D455}.Release|Win32.Build.0 = Release|Win32
		{F8BDAC67-6EA7-43EC-97F2-D61D1ED0D455}.Release|x64.ActiveCfg = Release|x64
		{F8BDAC67-6EA7-43EC-97F2-D61D1ED0D455}.Release|x64.Build.0 = Release|x64
		{8B2483F6-C1CA-447F-9452-1BB3B7710276}.Debug|Win32.ActiveCfg = Debug|Win32
		{8B2483F6-C1CA-447F-9452-1BB3B7710276}.Debug|Win32.Build.0 = Debug|Win32
		{8B2483F6-C1CA-447F-9452-1BB3B7710276}.Debug|x64.ActiveCfg = Debug|x64
		{8B2483F6-C1CA-447F-9452-1BB3B7710276}.Debug|x64.Build.0 = Debug|x64
		{8B2483F6-C1CA-447F-9452-1BB3B7710276}.Release|Win32.ActiveCfg = Release|Win32
		{8B2483F6-C1CA-447F-9452-1BB3B7710276}.Release|Win32.Build.0 = Release|Win32
		{8B2483F6-C1CA-447F-9452-1BB3B7710276}.Release|x64.ActiveCfg = Release|x64
		{8B2483F6-C1CA-447F-9452-1BB3B7710276}.Release|x64.Build.0 = Release|x64
		{94B67C72-F323-496E-8A92-EA3D8172D317}.Debug|Win32.ActiveCfg = Debug|Win32
		{94B67C72-F323-496E-8A92-EA3D8172D317}.Debug|Win32.Build.0 = Debug|Win32
		{94B67C72-F323-496E-8A92-EA3D8172D317}.Debug|x64.ActiveCfg = Debug|x64
		{94B67C72-F323-496E-8A92-EA3D8172D317}.Debug|x64.Build.0 = Debug|x64
		{94B67C72-F323-496E-8A92-EA3D8172D317}.Release|Win32.ActiveCfg = Release|Win32
		{94B67C72-F323-496E-8A92-EA3D8172D317}.Release|Win32.Build.0 = Release|Win32
		{94B67C72-F323-496E-8A92-EA3D8172D317}.Release|x64.ActiveCfg = Release|x64
		{94B67C72-F323-496E-8A92-EA3D8172D317}.Release|x64.Build.0 = Release|x64
	EndGlobalSection
	GlobalSection(SolutionProperties) = preSolution
		HideSolutionNode = FALSE
	EndGlobalSection
EndGlobal
